// !$*UTF8*$!
{
	archiveVersion = 1;
	classes = {
	};
	objectVersion = 46;
	objects = {

/* Begin PBXBuildFile section */
		51171492151A88BC006B919C /* triangle.png in Resources */ = {isa = PBXBuildFile; fileRef = 51171491151A88BC006B919C /* triangle.png */; };
		51171495151A9350006B919C /* arrow.png in Resources */ = {isa = PBXBuildFile; fileRef = 51171494151A9350006B919C /* arrow.png */; };
		51171497151A9433006B919C /* arrow_selected.png in Resources */ = {isa = PBXBuildFile; fileRef = 51171496151A9433006B919C /* arrow_selected.png */; };
		51342E9515237A100050AE5D /* ProfileTableViewCell.xib in Resources */ = {isa = PBXBuildFile; fileRef = 51342E9415237A100050AE5D /* ProfileTableViewCell.xib */; };
		5139F4EB151A9B050009F4A2 /* placeholder.png in Resources */ = {isa = PBXBuildFile; fileRef = 5139F4EA151A9B050009F4A2 /* placeholder.png */; };
		5139F4EE151A9B600009F4A2 /* mapOptionsBackground.png in Resources */ = {isa = PBXBuildFile; fileRef = 5139F4ED151A9B5D0009F4A2 /* mapOptionsBackground.png */; };
		5152DAA015013AFC0069F28E /* background.png in Resources */ = {isa = PBXBuildFile; fileRef = 5152DA9F15013AFC0069F28E /* background.png */; };
		516E455F15335BF000ED4F3C /* POI.m in Sources */ = {isa = PBXBuildFile; fileRef = 516E455E15335BF000ED4F3C /* POI.m */; };
		516E67BA14FF456C0026E273 /* UIKit.framework in Frameworks */ = {isa = PBXBuildFile; fileRef = 516E67B914FF456C0026E273 /* UIKit.framework */; };
		516E67BC14FF456C0026E273 /* Foundation.framework in Frameworks */ = {isa = PBXBuildFile; fileRef = 516E67BB14FF456C0026E273 /* Foundation.framework */; };
		516E67BE14FF456C0026E273 /* CoreGraphics.framework in Frameworks */ = {isa = PBXBuildFile; fileRef = 516E67BD14FF456C0026E273 /* CoreGraphics.framework */; };
		516E67C014FF456C0026E273 /* CoreData.framework in Frameworks */ = {isa = PBXBuildFile; fileRef = 516E67BF14FF456C0026E273 /* CoreData.framework */; };
		516E692F14FF46D60026E273 /* CoreDataCreator.m in Sources */ = {isa = PBXBuildFile; fileRef = 516E68BF14FF46D60026E273 /* CoreDataCreator.m */; };
		516E693014FF46D60026E273 /* CoreDataManager.m in Sources */ = {isa = PBXBuildFile; fileRef = 516E68C114FF46D60026E273 /* CoreDataManager.m */; };
		516E693514FF46D60026E273 /* MainWindow.xib in Resources */ = {isa = PBXBuildFile; fileRef = 516E68C814FF46D60026E273 /* MainWindow.xib */; };
		516E693614FF46D60026E273 /* MyCLController.m in Sources */ = {isa = PBXBuildFile; fileRef = 516E68CA14FF46D60026E273 /* MyCLController.m */; };
		516E693714FF46D60026E273 /* NetworkController.m in Sources */ = {isa = PBXBuildFile; fileRef = 516E68CC14FF46D60026E273 /* NetworkController.m */; };
		516E693814FF46D60026E273 /* NSManagedObject+PropertiesDict.m in Sources */ = {isa = PBXBuildFile; fileRef = 516E68CE14FF46D60026E273 /* NSManagedObject+PropertiesDict.m */; };
		516E693914FF46D60026E273 /* NSObject+PropertyArray.m in Sources */ = {isa = PBXBuildFile; fileRef = 516E68D014FF46D60026E273 /* NSObject+PropertyArray.m */; };
		516E693B14FF46D60026E273 /* POIAnnotation.m in Sources */ = {isa = PBXBuildFile; fileRef = 516E68D414FF46D60026E273 /* POIAnnotation.m */; };
		516E693C14FF46D60026E273 /* POIMapView.xib in Resources */ = {isa = PBXBuildFile; fileRef = 516E68D514FF46D60026E273 /* POIMapView.xib */; };
		516E693F14FF46D60026E273 /* AppDelegate.m in Sources */ = {isa = PBXBuildFile; fileRef = 516E68DB14FF46D60026E273 /* AppDelegate.m */; };
		516E694114FF46D60026E273 /* NSObject+SBJson.m in Sources */ = {isa = PBXBuildFile; fileRef = 516E68DF14FF46D60026E273 /* NSObject+SBJson.m */; };
		516E694214FF46D60026E273 /* SBJsonParser.m in Sources */ = {isa = PBXBuildFile; fileRef = 516E68E214FF46D60026E273 /* SBJsonParser.m */; };
		516E694314FF46D60026E273 /* SBJsonStreamParser.m in Sources */ = {isa = PBXBuildFile; fileRef = 516E68E414FF46D60026E273 /* SBJsonStreamParser.m */; };
		516E694414FF46D60026E273 /* SBJsonStreamParserAccumulator.m in Sources */ = {isa = PBXBuildFile; fileRef = 516E68E614FF46D60026E273 /* SBJsonStreamParserAccumulator.m */; };
		516E694514FF46D60026E273 /* SBJsonStreamParserAdapter.m in Sources */ = {isa = PBXBuildFile; fileRef = 516E68E814FF46D60026E273 /* SBJsonStreamParserAdapter.m */; };
		516E694614FF46D60026E273 /* SBJsonStreamParserState.m in Sources */ = {isa = PBXBuildFile; fileRef = 516E68EA14FF46D60026E273 /* SBJsonStreamParserState.m */; };
		516E694714FF46D60026E273 /* SBJsonStreamWriter.m in Sources */ = {isa = PBXBuildFile; fileRef = 516E68EC14FF46D60026E273 /* SBJsonStreamWriter.m */; };
		516E694814FF46D60026E273 /* SBJsonStreamWriterAccumulator.m in Sources */ = {isa = PBXBuildFile; fileRef = 516E68EE14FF46D60026E273 /* SBJsonStreamWriterAccumulator.m */; };
		516E694914FF46D60026E273 /* SBJsonStreamWriterState.m in Sources */ = {isa = PBXBuildFile; fileRef = 516E68F014FF46D60026E273 /* SBJsonStreamWriterState.m */; };
		516E694A14FF46D60026E273 /* SBJsonTokeniser.m in Sources */ = {isa = PBXBuildFile; fileRef = 516E68F214FF46D60026E273 /* SBJsonTokeniser.m */; };
		516E694B14FF46D60026E273 /* SBJsonUTF8Stream.m in Sources */ = {isa = PBXBuildFile; fileRef = 516E68F414FF46D60026E273 /* SBJsonUTF8Stream.m */; };
		516E694C14FF46D60026E273 /* SBJsonWriter.m in Sources */ = {isa = PBXBuildFile; fileRef = 516E68F614FF46D60026E273 /* SBJsonWriter.m */; };
		516E694D14FF46D60026E273 /* DraggableButton.m in Sources */ = {isa = PBXBuildFile; fileRef = 516E68F814FF46D60026E273 /* DraggableButton.m */; };
		516E694E14FF46D60026E273 /* InfoPlist.strings in Resources */ = {isa = PBXBuildFile; fileRef = 516E68F914FF46D60026E273 /* InfoPlist.strings */; };
		516E695014FF46D60026E273 /* GridCell.m in Sources */ = {isa = PBXBuildFile; fileRef = 516E68FE14FF46D60026E273 /* GridCell.m */; };
		516E695114FF46D60026E273 /* GridViewController.m in Sources */ = {isa = PBXBuildFile; fileRef = 516E690014FF46D60026E273 /* GridViewController.m */; };
		516E695814FF46D60026E273 /* main.m in Sources */ = {isa = PBXBuildFile; fileRef = 516E690914FF46D60026E273 /* main.m */; };
		516E695A14FF46D60026E273 /* MapOptionsViewController.m in Sources */ = {isa = PBXBuildFile; fileRef = 516E690C14FF46D60026E273 /* MapOptionsViewController.m */; };
		516E695B14FF46D60026E273 /* MapOptionsViewController.xib in Resources */ = {isa = PBXBuildFile; fileRef = 516E690D14FF46D60026E273 /* MapOptionsViewController.xib */; };
		516E695D14FF46D60026E273 /* MWFSlideNavigationViewController.m in Sources */ = {isa = PBXBuildFile; fileRef = 516E691014FF46D60026E273 /* MWFSlideNavigationViewController.m */; };
		516E695E14FF46D60026E273 /* normalPattern1.png in Resources */ = {isa = PBXBuildFile; fileRef = 516E691114FF46D60026E273 /* normalPattern1.png */; };
		516E696114FF46D60026E273 /* POIButton.m in Sources */ = {isa = PBXBuildFile; fileRef = 516E691714FF46D60026E273 /* POIButton.m */; };
		516E696214FF46D60026E273 /* POICreationModalViewController.m in Sources */ = {isa = PBXBuildFile; fileRef = 516E691914FF46D60026E273 /* POICreationModalViewController.m */; };
		516E696314FF46D60026E273 /* POICreationModalViewController.xib in Resources */ = {isa = PBXBuildFile; fileRef = 516E691A14FF46D60026E273 /* POICreationModalViewController.xib */; };
		516E696414FF46D60026E273 /* POIDetailsView.xib in Resources */ = {isa = PBXBuildFile; fileRef = 516E691B14FF46D60026E273 /* POIDetailsView.xib */; };
		516E696514FF46D60026E273 /* POIDetailsViewController.m in Sources */ = {isa = PBXBuildFile; fileRef = 516E691D14FF46D60026E273 /* POIDetailsViewController.m */; };
		516E696614FF46D60026E273 /* POILocationChooserViewController.m in Sources */ = {isa = PBXBuildFile; fileRef = 516E691F14FF46D60026E273 /* POILocationChooserViewController.m */; };
		516E696714FF46D60026E273 /* POILocationChooserViewController.xib in Resources */ = {isa = PBXBuildFile; fileRef = 516E692014FF46D60026E273 /* POILocationChooserViewController.xib */; };
		516E696814FF46D60026E273 /* POIMapViewController.m in Sources */ = {isa = PBXBuildFile; fileRef = 516E692214FF46D60026E273 /* POIMapViewController.m */; };
		516E696914FF46D60026E273 /* PSIdea-Info.plist in Resources */ = {isa = PBXBuildFile; fileRef = 516E692314FF46D60026E273 /* PSIdea-Info.plist */; };
		516E696B14FF46D60026E273 /* SampleData.plist in Resources */ = {isa = PBXBuildFile; fileRef = 516E692714FF46D60026E273 /* SampleData.plist */; };
		516E696C14FF46D60026E273 /* selectedPattern1.png in Resources */ = {isa = PBXBuildFile; fileRef = 516E692814FF46D60026E273 /* selectedPattern1.png */; };
		516E696F14FF46D60026E273 /* PSINetworkController.m in Sources */ = {isa = PBXBuildFile; fileRef = 516E692E14FF46D60026E273 /* PSINetworkController.m */; };
		516E697114FF470A0026E273 /* CoreLocation.framework in Frameworks */ = {isa = PBXBuildFile; fileRef = 516E697014FF470A0026E273 /* CoreLocation.framework */; };
		516E697314FF47360026E273 /* MapKit.framework in Frameworks */ = {isa = PBXBuildFile; fileRef = 516E697214FF47360026E273 /* MapKit.framework */; };
		516E697914FF4F750026E273 /* selectedButton.png in Resources */ = {isa = PBXBuildFile; fileRef = 516E697814FF4F750026E273 /* selectedButton.png */; };
		516E697E14FF50850026E273 /* navigationBarBackground.png in Resources */ = {isa = PBXBuildFile; fileRef = 516E697C14FF50840026E273 /* navigationBarBackground.png */; };
		516E697F14FF50850026E273 /* navigationBarBackground@2x.png in Resources */ = {isa = PBXBuildFile; fileRef = 516E697D14FF50840026E273 /* navigationBarBackground@2x.png */; };
		516E698714FF559E0026E273 /* add.png in Resources */ = {isa = PBXBuildFile; fileRef = 516E698614FF559E0026E273 /* add.png */; };
		516E698914FF55BD0026E273 /* add@2x.png in Resources */ = {isa = PBXBuildFile; fileRef = 516E698814FF55BB0026E273 /* add@2x.png */; };
		516E698E14FF5CFA0026E273 /* map@2x.png in Resources */ = {isa = PBXBuildFile; fileRef = 516E698C14FF5CF80026E273 /* map@2x.png */; };
		516E698F14FF5CFA0026E273 /* map.png in Resources */ = {isa = PBXBuildFile; fileRef = 516E698D14FF5CF90026E273 /* map.png */; };
		516E699214FF5D750026E273 /* list.png in Resources */ = {isa = PBXBuildFile; fileRef = 516E699014FF5D740026E273 /* list.png */; };
		516E699314FF5D750026E273 /* list@2x.png in Resources */ = {isa = PBXBuildFile; fileRef = 516E699114FF5D740026E273 /* list@2x.png */; };
		516E699614FF5DFF0026E273 /* marker.png in Resources */ = {isa = PBXBuildFile; fileRef = 516E699414FF5DFE0026E273 /* marker.png */; };
		516E699714FF5DFF0026E273 /* marker@2x.png in Resources */ = {isa = PBXBuildFile; fileRef = 516E699514FF5DFE0026E273 /* marker@2x.png */; };
		517E6E62150A71B6003B7849 /* User.m in Sources */ = {isa = PBXBuildFile; fileRef = 517E6E61150A71B6003B7849 /* User.m */; };
		517E6E68150AEE28003B7849 /* Photo.m in Sources */ = {isa = PBXBuildFile; fileRef = 517E6E67150AEE28003B7849 /* Photo.m */; };
		518259AB152BF18A00A4516F /* AddressBook.framework in Frameworks */ = {isa = PBXBuildFile; fileRef = 518259AA152BF18900A4516F /* AddressBook.framework */; };
		51A2DA6D150AF49B00A87A0E /* PSIdea.xcdatamodeld in Sources */ = {isa = PBXBuildFile; fileRef = 51A2DA6B150AF49B00A87A0E /* PSIdea.xcdatamodeld */; };
		51A2DA74150AFE5500A87A0E /* location@2x.png in Resources */ = {isa = PBXBuildFile; fileRef = 51A2DA72150AFE5000A87A0E /* location@2x.png */; };
		51A2DA75150AFE5500A87A0E /* location.png in Resources */ = {isa = PBXBuildFile; fileRef = 51A2DA73150AFE5100A87A0E /* location.png */; };
		51BF7F0E1533C79500AD1AB7 /* TwitterAPI.m in Sources */ = {isa = PBXBuildFile; fileRef = 51BF7F0B1533C79500AD1AB7 /* TwitterAPI.m */; };
		51BF7F0F1533C79500AD1AB7 /* TWRequestOperation.m in Sources */ = {isa = PBXBuildFile; fileRef = 51BF7F0D1533C79500AD1AB7 /* TWRequestOperation.m */; };
		51C8A1AE15237DC100671A32 /* ProfileViewController.m in Sources */ = {isa = PBXBuildFile; fileRef = 51C8A1AC15237DC100671A32 /* ProfileViewController.m */; };
		51C8A1AF15237DC100671A32 /* ProfileViewController.xib in Resources */ = {isa = PBXBuildFile; fileRef = 51C8A1AD15237DC100671A32 /* ProfileViewController.xib */; };
		51C8A1B215237E0600671A32 /* triangle_Up.png in Resources */ = {isa = PBXBuildFile; fileRef = 51C8A1B115237E0600671A32 /* triangle_Up.png */; };
		51EDEFFD1507216400431732 /* button_unselected@2x.png in Resources */ = {isa = PBXBuildFile; fileRef = 51EDEFFB1507216400431732 /* button_unselected@2x.png */; };
		51EDEFFE1507216400431732 /* button_selected@2x.png in Resources */ = {isa = PBXBuildFile; fileRef = 51EDEFFC1507216400431732 /* button_selected@2x.png */; };
		66519A6A150EFDC800FA1FD0 /* HTTPSynchOperation.m in Sources */ = {isa = PBXBuildFile; fileRef = 66519A69150EFDC700FA1FD0 /* HTTPSynchOperation.m */; };
		66519A6E150F8A6900FA1FD0 /* HTTPSynchGetOperationWithParse.m in Sources */ = {isa = PBXBuildFile; fileRef = 66519A6D150F8A6800FA1FD0 /* HTTPSynchGetOperationWithParse.m */; };
		66519A71150F901200FA1FD0 /* HTTPSynchPostOperationWithParse.m in Sources */ = {isa = PBXBuildFile; fileRef = 66519A70150F901100FA1FD0 /* HTTPSynchPostOperationWithParse.m */; };
		66C2B7871502AA79008B2FE1 /* TwitterController.m in Sources */ = {isa = PBXBuildFile; fileRef = 66C2B7861502AA79008B2FE1 /* TwitterController.m */; };
		66C2B78A1502AB00008B2FE1 /* Twitter.framework in Frameworks */ = {isa = PBXBuildFile; fileRef = 66C2B7891502AB00008B2FE1 /* Twitter.framework */; };
		66C2B78C1502AB3C008B2FE1 /* Accounts.framework in Frameworks */ = {isa = PBXBuildFile; fileRef = 66C2B78B1502AB3C008B2FE1 /* Accounts.framework */; };
		66C2B78F15053E44008B2FE1 /* NetworkManager.m in Sources */ = {isa = PBXBuildFile; fileRef = 66C2B78E15053E43008B2FE1 /* NetworkManager.m */; };
		66C2B79315066E40008B2FE1 /* HTTPOperation.m in Sources */ = {isa = PBXBuildFile; fileRef = 66C2B79215066E40008B2FE1 /* HTTPOperation.m */; };
		66C2B7961507BA65008B2FE1 /* Logging.m in Sources */ = {isa = PBXBuildFile; fileRef = 66C2B7951507BA65008B2FE1 /* Logging.m */; };
		66C2B7991507EA87008B2FE1 /* NetworkAPI.m in Sources */ = {isa = PBXBuildFile; fileRef = 66C2B7981507EA87008B2FE1 /* NetworkAPI.m */; };
		66C2B7A31509161B008B2FE1 /* NSOperationWithState.m in Sources */ = {isa = PBXBuildFile; fileRef = 66C2B7A215091617008B2FE1 /* NSOperationWithState.m */; };
		66C2B7BE150BF255008B2FE1 /* CoreDataEntities.m in Sources */ = {isa = PBXBuildFile; fileRef = 66C2B7BD150BF254008B2FE1 /* CoreDataEntities.m */; };
		66C2B7C1150C0597008B2FE1 /* HTTPGetOperationWithParse.m in Sources */ = {isa = PBXBuildFile; fileRef = 66C2B7C0150C0596008B2FE1 /* HTTPGetOperationWithParse.m */; };
		66C2B7C4150D0C9E008B2FE1 /* HTTPPostOperation.m in Sources */ = {isa = PBXBuildFile; fileRef = 66C2B7C3150D0C98008B2FE1 /* HTTPPostOperation.m */; };
/* End PBXBuildFile section */

/* Begin PBXFileReference section */
		51171491151A88BC006B919C /* triangle.png */ = {isa = PBXFileReference; lastKnownFileType = image.png; path = triangle.png; sourceTree = "<group>"; };
		51171494151A9350006B919C /* arrow.png */ = {isa = PBXFileReference; lastKnownFileType = image.png; path = arrow.png; sourceTree = "<group>"; };
		51171496151A9433006B919C /* arrow_selected.png */ = {isa = PBXFileReference; lastKnownFileType = image.png; path = arrow_selected.png; sourceTree = "<group>"; };
		51342E9415237A100050AE5D /* ProfileTableViewCell.xib */ = {isa = PBXFileReference; fileEncoding = 4; lastKnownFileType = file.xib; path = ProfileTableViewCell.xib; sourceTree = "<group>"; };
		5139F4EA151A9B050009F4A2 /* placeholder.png */ = {isa = PBXFileReference; lastKnownFileType = image.png; path = placeholder.png; sourceTree = "<group>"; };
		5139F4ED151A9B5D0009F4A2 /* mapOptionsBackground.png */ = {isa = PBXFileReference; lastKnownFileType = image.png; path = mapOptionsBackground.png; sourceTree = "<group>"; };
		5152DA9F15013AFC0069F28E /* background.png */ = {isa = PBXFileReference; lastKnownFileType = image.png; path = background.png; sourceTree = "<group>"; };
		516E455B15335B5200ED4F3C /* PSIdea_1.2.xcdatamodel */ = {isa = PBXFileReference; lastKnownFileType = wrapper.xcdatamodel; path = PSIdea_1.2.xcdatamodel; sourceTree = "<group>"; };
		516E455D15335BF000ED4F3C /* POI.h */ = {isa = PBXFileReference; fileEncoding = 4; lastKnownFileType = sourcecode.c.h; path = POI.h; sourceTree = "<group>"; };
		516E455E15335BF000ED4F3C /* POI.m */ = {isa = PBXFileReference; fileEncoding = 4; lastKnownFileType = sourcecode.c.objc; path = POI.m; sourceTree = "<group>"; };
		516E67B514FF456C0026E273 /* PSIdea.app */ = {isa = PBXFileReference; explicitFileType = wrapper.application; includeInIndex = 0; path = PSIdea.app; sourceTree = BUILT_PRODUCTS_DIR; };
		516E67B914FF456C0026E273 /* UIKit.framework */ = {isa = PBXFileReference; lastKnownFileType = wrapper.framework; name = UIKit.framework; path = System/Library/Frameworks/UIKit.framework; sourceTree = SDKROOT; };
		516E67BB14FF456C0026E273 /* Foundation.framework */ = {isa = PBXFileReference; lastKnownFileType = wrapper.framework; name = Foundation.framework; path = System/Library/Frameworks/Foundation.framework; sourceTree = SDKROOT; };
		516E67BD14FF456C0026E273 /* CoreGraphics.framework */ = {isa = PBXFileReference; lastKnownFileType = wrapper.framework; name = CoreGraphics.framework; path = System/Library/Frameworks/CoreGraphics.framework; sourceTree = SDKROOT; };
		516E67BF14FF456C0026E273 /* CoreData.framework */ = {isa = PBXFileReference; lastKnownFileType = wrapper.framework; name = CoreData.framework; path = System/Library/Frameworks/CoreData.framework; sourceTree = SDKROOT; };
		516E68BE14FF46D60026E273 /* CoreDataCreator.h */ = {isa = PBXFileReference; fileEncoding = 4; lastKnownFileType = sourcecode.c.h; path = CoreDataCreator.h; sourceTree = "<group>"; };
		516E68BF14FF46D60026E273 /* CoreDataCreator.m */ = {isa = PBXFileReference; fileEncoding = 4; lastKnownFileType = sourcecode.c.objc; path = CoreDataCreator.m; sourceTree = "<group>"; };
		516E68C014FF46D60026E273 /* CoreDataManager.h */ = {isa = PBXFileReference; fileEncoding = 4; lastKnownFileType = sourcecode.c.h; path = CoreDataManager.h; sourceTree = "<group>"; };
		516E68C114FF46D60026E273 /* CoreDataManager.m */ = {isa = PBXFileReference; fileEncoding = 4; lastKnownFileType = sourcecode.c.objc; path = CoreDataManager.m; sourceTree = "<group>"; };
		516E68C814FF46D60026E273 /* MainWindow.xib */ = {isa = PBXFileReference; fileEncoding = 4; lastKnownFileType = file.xib; path = MainWindow.xib; sourceTree = "<group>"; };
		516E68C914FF46D60026E273 /* MyCLController.h */ = {isa = PBXFileReference; fileEncoding = 4; lastKnownFileType = sourcecode.c.h; path = MyCLController.h; sourceTree = "<group>"; };
		516E68CA14FF46D60026E273 /* MyCLController.m */ = {isa = PBXFileReference; fileEncoding = 4; lastKnownFileType = sourcecode.c.objc; path = MyCLController.m; sourceTree = "<group>"; };
		516E68CB14FF46D60026E273 /* NetworkController.h */ = {isa = PBXFileReference; fileEncoding = 4; lastKnownFileType = sourcecode.c.h; path = NetworkController.h; sourceTree = "<group>"; };
		516E68CC14FF46D60026E273 /* NetworkController.m */ = {isa = PBXFileReference; fileEncoding = 4; lastKnownFileType = sourcecode.c.objc; path = NetworkController.m; sourceTree = "<group>"; };
		516E68CD14FF46D60026E273 /* NSManagedObject+PropertiesDict.h */ = {isa = PBXFileReference; fileEncoding = 4; lastKnownFileType = sourcecode.c.h; path = "NSManagedObject+PropertiesDict.h"; sourceTree = "<group>"; };
		516E68CE14FF46D60026E273 /* NSManagedObject+PropertiesDict.m */ = {isa = PBXFileReference; fileEncoding = 4; lastKnownFileType = sourcecode.c.objc; path = "NSManagedObject+PropertiesDict.m"; sourceTree = "<group>"; };
		516E68CF14FF46D60026E273 /* NSObject+PropertyArray.h */ = {isa = PBXFileReference; fileEncoding = 4; lastKnownFileType = sourcecode.c.h; path = "NSObject+PropertyArray.h"; sourceTree = "<group>"; };
		516E68D014FF46D60026E273 /* NSObject+PropertyArray.m */ = {isa = PBXFileReference; fileEncoding = 4; lastKnownFileType = sourcecode.c.objc; path = "NSObject+PropertyArray.m"; sourceTree = "<group>"; };
		516E68D314FF46D60026E273 /* POIAnnotation.h */ = {isa = PBXFileReference; fileEncoding = 4; lastKnownFileType = sourcecode.c.h; path = POIAnnotation.h; sourceTree = "<group>"; };
		516E68D414FF46D60026E273 /* POIAnnotation.m */ = {isa = PBXFileReference; fileEncoding = 4; lastKnownFileType = sourcecode.c.objc; path = POIAnnotation.m; sourceTree = "<group>"; };
		516E68D514FF46D60026E273 /* POIMapView.xib */ = {isa = PBXFileReference; fileEncoding = 4; lastKnownFileType = file.xib; path = POIMapView.xib; sourceTree = "<group>"; };
		516E68DA14FF46D60026E273 /* AppDelegate.h */ = {isa = PBXFileReference; fileEncoding = 4; lastKnownFileType = sourcecode.c.h; name = AppDelegate.h; path = PSidea/AppDelegate.h; sourceTree = "<group>"; };
		516E68DB14FF46D60026E273 /* AppDelegate.m */ = {isa = PBXFileReference; fileEncoding = 4; lastKnownFileType = sourcecode.c.objc; name = AppDelegate.m; path = PSidea/AppDelegate.m; sourceTree = "<group>"; };
		516E68DE14FF46D60026E273 /* NSObject+SBJson.h */ = {isa = PBXFileReference; fileEncoding = 4; lastKnownFileType = sourcecode.c.h; path = "NSObject+SBJson.h"; sourceTree = "<group>"; };
		516E68DF14FF46D60026E273 /* NSObject+SBJson.m */ = {isa = PBXFileReference; fileEncoding = 4; lastKnownFileType = sourcecode.c.objc; path = "NSObject+SBJson.m"; sourceTree = "<group>"; };
		516E68E014FF46D60026E273 /* SBJson.h */ = {isa = PBXFileReference; fileEncoding = 4; lastKnownFileType = sourcecode.c.h; path = SBJson.h; sourceTree = "<group>"; };
		516E68E114FF46D60026E273 /* SBJsonParser.h */ = {isa = PBXFileReference; fileEncoding = 4; lastKnownFileType = sourcecode.c.h; path = SBJsonParser.h; sourceTree = "<group>"; };
		516E68E214FF46D60026E273 /* SBJsonParser.m */ = {isa = PBXFileReference; fileEncoding = 4; lastKnownFileType = sourcecode.c.objc; path = SBJsonParser.m; sourceTree = "<group>"; };
		516E68E314FF46D60026E273 /* SBJsonStreamParser.h */ = {isa = PBXFileReference; fileEncoding = 4; lastKnownFileType = sourcecode.c.h; path = SBJsonStreamParser.h; sourceTree = "<group>"; };
		516E68E414FF46D60026E273 /* SBJsonStreamParser.m */ = {isa = PBXFileReference; fileEncoding = 4; lastKnownFileType = sourcecode.c.objc; path = SBJsonStreamParser.m; sourceTree = "<group>"; };
		516E68E514FF46D60026E273 /* SBJsonStreamParserAccumulator.h */ = {isa = PBXFileReference; fileEncoding = 4; lastKnownFileType = sourcecode.c.h; path = SBJsonStreamParserAccumulator.h; sourceTree = "<group>"; };
		516E68E614FF46D60026E273 /* SBJsonStreamParserAccumulator.m */ = {isa = PBXFileReference; fileEncoding = 4; lastKnownFileType = sourcecode.c.objc; path = SBJsonStreamParserAccumulator.m; sourceTree = "<group>"; };
		516E68E714FF46D60026E273 /* SBJsonStreamParserAdapter.h */ = {isa = PBXFileReference; fileEncoding = 4; lastKnownFileType = sourcecode.c.h; path = SBJsonStreamParserAdapter.h; sourceTree = "<group>"; };
		516E68E814FF46D60026E273 /* SBJsonStreamParserAdapter.m */ = {isa = PBXFileReference; fileEncoding = 4; lastKnownFileType = sourcecode.c.objc; path = SBJsonStreamParserAdapter.m; sourceTree = "<group>"; };
		516E68E914FF46D60026E273 /* SBJsonStreamParserState.h */ = {isa = PBXFileReference; fileEncoding = 4; lastKnownFileType = sourcecode.c.h; path = SBJsonStreamParserState.h; sourceTree = "<group>"; };
		516E68EA14FF46D60026E273 /* SBJsonStreamParserState.m */ = {isa = PBXFileReference; fileEncoding = 4; lastKnownFileType = sourcecode.c.objc; path = SBJsonStreamParserState.m; sourceTree = "<group>"; };
		516E68EB14FF46D60026E273 /* SBJsonStreamWriter.h */ = {isa = PBXFileReference; fileEncoding = 4; lastKnownFileType = sourcecode.c.h; path = SBJsonStreamWriter.h; sourceTree = "<group>"; };
		516E68EC14FF46D60026E273 /* SBJsonStreamWriter.m */ = {isa = PBXFileReference; fileEncoding = 4; lastKnownFileType = sourcecode.c.objc; path = SBJsonStreamWriter.m; sourceTree = "<group>"; };
		516E68ED14FF46D60026E273 /* SBJsonStreamWriterAccumulator.h */ = {isa = PBXFileReference; fileEncoding = 4; lastKnownFileType = sourcecode.c.h; path = SBJsonStreamWriterAccumulator.h; sourceTree = "<group>"; };
		516E68EE14FF46D60026E273 /* SBJsonStreamWriterAccumulator.m */ = {isa = PBXFileReference; fileEncoding = 4; lastKnownFileType = sourcecode.c.objc; path = SBJsonStreamWriterAccumulator.m; sourceTree = "<group>"; };
		516E68EF14FF46D60026E273 /* SBJsonStreamWriterState.h */ = {isa = PBXFileReference; fileEncoding = 4; lastKnownFileType = sourcecode.c.h; path = SBJsonStreamWriterState.h; sourceTree = "<group>"; };
		516E68F014FF46D60026E273 /* SBJsonStreamWriterState.m */ = {isa = PBXFileReference; fileEncoding = 4; lastKnownFileType = sourcecode.c.objc; path = SBJsonStreamWriterState.m; sourceTree = "<group>"; };
		516E68F114FF46D60026E273 /* SBJsonTokeniser.h */ = {isa = PBXFileReference; fileEncoding = 4; lastKnownFileType = sourcecode.c.h; path = SBJsonTokeniser.h; sourceTree = "<group>"; };
		516E68F214FF46D60026E273 /* SBJsonTokeniser.m */ = {isa = PBXFileReference; fileEncoding = 4; lastKnownFileType = sourcecode.c.objc; path = SBJsonTokeniser.m; sourceTree = "<group>"; };
		516E68F314FF46D60026E273 /* SBJsonUTF8Stream.h */ = {isa = PBXFileReference; fileEncoding = 4; lastKnownFileType = sourcecode.c.h; path = SBJsonUTF8Stream.h; sourceTree = "<group>"; };
		516E68F414FF46D60026E273 /* SBJsonUTF8Stream.m */ = {isa = PBXFileReference; fileEncoding = 4; lastKnownFileType = sourcecode.c.objc; path = SBJsonUTF8Stream.m; sourceTree = "<group>"; };
		516E68F514FF46D60026E273 /* SBJsonWriter.h */ = {isa = PBXFileReference; fileEncoding = 4; lastKnownFileType = sourcecode.c.h; path = SBJsonWriter.h; sourceTree = "<group>"; };
		516E68F614FF46D60026E273 /* SBJsonWriter.m */ = {isa = PBXFileReference; fileEncoding = 4; lastKnownFileType = sourcecode.c.objc; path = SBJsonWriter.m; sourceTree = "<group>"; };
		516E68F714FF46D60026E273 /* DraggableButton.h */ = {isa = PBXFileReference; fileEncoding = 4; lastKnownFileType = sourcecode.c.h; name = DraggableButton.h; path = PSidea/DraggableButton.h; sourceTree = "<group>"; };
		516E68F814FF46D60026E273 /* DraggableButton.m */ = {isa = PBXFileReference; fileEncoding = 4; lastKnownFileType = sourcecode.c.objc; name = DraggableButton.m; path = PSidea/DraggableButton.m; sourceTree = "<group>"; };
		516E68FA14FF46D60026E273 /* en */ = {isa = PBXFileReference; lastKnownFileType = text.plist.strings; name = en; path = en.lproj/InfoPlist.strings; sourceTree = "<group>"; };
		516E68FD14FF46D60026E273 /* GridCell.h */ = {isa = PBXFileReference; fileEncoding = 4; lastKnownFileType = sourcecode.c.h; name = GridCell.h; path = PSidea/GridCell.h; sourceTree = "<group>"; };
		516E68FE14FF46D60026E273 /* GridCell.m */ = {isa = PBXFileReference; fileEncoding = 4; lastKnownFileType = sourcecode.c.objc; name = GridCell.m; path = PSidea/GridCell.m; sourceTree = "<group>"; };
		516E68FF14FF46D60026E273 /* GridViewController.h */ = {isa = PBXFileReference; fileEncoding = 4; lastKnownFileType = sourcecode.c.h; name = GridViewController.h; path = PSidea/GridViewController.h; sourceTree = "<group>"; };
		516E690014FF46D60026E273 /* GridViewController.m */ = {isa = PBXFileReference; fileEncoding = 4; lastKnownFileType = sourcecode.c.objc; name = GridViewController.m; path = PSidea/GridViewController.m; sourceTree = "<group>"; };
		516E690914FF46D60026E273 /* main.m */ = {isa = PBXFileReference; fileEncoding = 4; lastKnownFileType = sourcecode.c.objc; name = main.m; path = PSidea/main.m; sourceTree = "<group>"; };
		516E690B14FF46D60026E273 /* MapOptionsViewController.h */ = {isa = PBXFileReference; fileEncoding = 4; lastKnownFileType = sourcecode.c.h; name = MapOptionsViewController.h; path = PSidea/MapOptionsViewController.h; sourceTree = "<group>"; };
		516E690C14FF46D60026E273 /* MapOptionsViewController.m */ = {isa = PBXFileReference; fileEncoding = 4; lastKnownFileType = sourcecode.c.objc; name = MapOptionsViewController.m; path = PSidea/MapOptionsViewController.m; sourceTree = "<group>"; };
		516E690D14FF46D60026E273 /* MapOptionsViewController.xib */ = {isa = PBXFileReference; fileEncoding = 4; lastKnownFileType = file.xib; name = MapOptionsViewController.xib; path = PSidea/MapOptionsViewController.xib; sourceTree = "<group>"; };
		516E690F14FF46D60026E273 /* MWFSlideNavigationViewController.h */ = {isa = PBXFileReference; fileEncoding = 4; lastKnownFileType = sourcecode.c.h; name = MWFSlideNavigationViewController.h; path = PSidea/MWFSlideNavigationViewController.h; sourceTree = "<group>"; };
		516E691014FF46D60026E273 /* MWFSlideNavigationViewController.m */ = {isa = PBXFileReference; fileEncoding = 4; lastKnownFileType = sourcecode.c.objc; name = MWFSlideNavigationViewController.m; path = PSidea/MWFSlideNavigationViewController.m; sourceTree = "<group>"; };
		516E691114FF46D60026E273 /* normalPattern1.png */ = {isa = PBXFileReference; lastKnownFileType = image.png; name = normalPattern1.png; path = PSidea/normalPattern1.png; sourceTree = "<group>"; };
		516E691514FF46D60026E273 /* POIAnnotationView.h */ = {isa = PBXFileReference; fileEncoding = 4; lastKnownFileType = sourcecode.c.h; name = POIAnnotationView.h; path = PSidea/POIAnnotationView.h; sourceTree = "<group>"; };
		516E691614FF46D60026E273 /* POIButton.h */ = {isa = PBXFileReference; fileEncoding = 4; lastKnownFileType = sourcecode.c.h; name = POIButton.h; path = PSidea/POIButton.h; sourceTree = "<group>"; };
		516E691714FF46D60026E273 /* POIButton.m */ = {isa = PBXFileReference; fileEncoding = 4; lastKnownFileType = sourcecode.c.objc; name = POIButton.m; path = PSidea/POIButton.m; sourceTree = "<group>"; };
		516E691814FF46D60026E273 /* POICreationModalViewController.h */ = {isa = PBXFileReference; fileEncoding = 4; lastKnownFileType = sourcecode.c.h; name = POICreationModalViewController.h; path = PSidea/POICreationModalViewController.h; sourceTree = "<group>"; };
		516E691914FF46D60026E273 /* POICreationModalViewController.m */ = {isa = PBXFileReference; fileEncoding = 4; lastKnownFileType = sourcecode.c.objc; name = POICreationModalViewController.m; path = PSidea/POICreationModalViewController.m; sourceTree = "<group>"; };
		516E691A14FF46D60026E273 /* POICreationModalViewController.xib */ = {isa = PBXFileReference; fileEncoding = 4; lastKnownFileType = file.xib; name = POICreationModalViewController.xib; path = PSidea/POICreationModalViewController.xib; sourceTree = "<group>"; };
		516E691B14FF46D60026E273 /* POIDetailsView.xib */ = {isa = PBXFileReference; fileEncoding = 4; lastKnownFileType = file.xib; name = POIDetailsView.xib; path = PSidea/POIDetailsView.xib; sourceTree = "<group>"; };
		516E691C14FF46D60026E273 /* POIDetailsViewController.h */ = {isa = PBXFileReference; fileEncoding = 4; lastKnownFileType = sourcecode.c.h; name = POIDetailsViewController.h; path = PSidea/POIDetailsViewController.h; sourceTree = "<group>"; };
		516E691D14FF46D60026E273 /* POIDetailsViewController.m */ = {isa = PBXFileReference; fileEncoding = 4; lastKnownFileType = sourcecode.c.objc; name = POIDetailsViewController.m; path = PSidea/POIDetailsViewController.m; sourceTree = "<group>"; };
		516E691E14FF46D60026E273 /* POILocationChooserViewController.h */ = {isa = PBXFileReference; fileEncoding = 4; lastKnownFileType = sourcecode.c.h; name = POILocationChooserViewController.h; path = PSidea/POILocationChooserViewController.h; sourceTree = "<group>"; };
		516E691F14FF46D60026E273 /* POILocationChooserViewController.m */ = {isa = PBXFileReference; fileEncoding = 4; lastKnownFileType = sourcecode.c.objc; name = POILocationChooserViewController.m; path = PSidea/POILocationChooserViewController.m; sourceTree = "<group>"; };
		516E692014FF46D60026E273 /* POILocationChooserViewController.xib */ = {isa = PBXFileReference; fileEncoding = 4; lastKnownFileType = file.xib; name = POILocationChooserViewController.xib; path = PSidea/POILocationChooserViewController.xib; sourceTree = "<group>"; };
		516E692114FF46D60026E273 /* POIMapViewController.h */ = {isa = PBXFileReference; fileEncoding = 4; lastKnownFileType = sourcecode.c.h; name = POIMapViewController.h; path = PSidea/POIMapViewController.h; sourceTree = "<group>"; };
		516E692214FF46D60026E273 /* POIMapViewController.m */ = {isa = PBXFileReference; fileEncoding = 4; lastKnownFileType = sourcecode.c.objc; name = POIMapViewController.m; path = PSidea/POIMapViewController.m; sourceTree = "<group>"; };
		516E692314FF46D60026E273 /* PSIdea-Info.plist */ = {isa = PBXFileReference; fileEncoding = 4; lastKnownFileType = text.plist.xml; name = "PSIdea-Info.plist"; path = "PSidea/PSIdea-Info.plist"; sourceTree = "<group>"; };
		516E692414FF46D60026E273 /* PSIdea-Prefix.pch */ = {isa = PBXFileReference; fileEncoding = 4; lastKnownFileType = sourcecode.c.h; name = "PSIdea-Prefix.pch"; path = "PSidea/PSIdea-Prefix.pch"; sourceTree = "<group>"; };
		516E692714FF46D60026E273 /* SampleData.plist */ = {isa = PBXFileReference; fileEncoding = 4; lastKnownFileType = text.plist.xml; name = SampleData.plist; path = PSidea/SampleData.plist; sourceTree = "<group>"; };
		516E692814FF46D60026E273 /* selectedPattern1.png */ = {isa = PBXFileReference; lastKnownFileType = image.png; name = selectedPattern1.png; path = PSidea/selectedPattern1.png; sourceTree = "<group>"; };
		516E692B14FF46D60026E273 /* ViewWithCoreData.h */ = {isa = PBXFileReference; fileEncoding = 4; lastKnownFileType = sourcecode.c.h; name = ViewWithCoreData.h; path = PSidea/ViewWithCoreData.h; sourceTree = "<group>"; };
		516E692D14FF46D60026E273 /* PSINetworkController.h */ = {isa = PBXFileReference; fileEncoding = 4; lastKnownFileType = sourcecode.c.h; path = PSINetworkController.h; sourceTree = "<group>"; };
		516E692E14FF46D60026E273 /* PSINetworkController.m */ = {isa = PBXFileReference; fileEncoding = 4; lastKnownFileType = sourcecode.c.objc; path = PSINetworkController.m; sourceTree = "<group>"; };
		516E697014FF470A0026E273 /* CoreLocation.framework */ = {isa = PBXFileReference; lastKnownFileType = wrapper.framework; name = CoreLocation.framework; path = System/Library/Frameworks/CoreLocation.framework; sourceTree = SDKROOT; };
		516E697214FF47360026E273 /* MapKit.framework */ = {isa = PBXFileReference; lastKnownFileType = wrapper.framework; name = MapKit.framework; path = System/Library/Frameworks/MapKit.framework; sourceTree = SDKROOT; };
		516E697814FF4F750026E273 /* selectedButton.png */ = {isa = PBXFileReference; lastKnownFileType = image.png; path = selectedButton.png; sourceTree = "<group>"; };
		516E697C14FF50840026E273 /* navigationBarBackground.png */ = {isa = PBXFileReference; lastKnownFileType = image.png; path = navigationBarBackground.png; sourceTree = "<group>"; };
		516E697D14FF50840026E273 /* navigationBarBackground@2x.png */ = {isa = PBXFileReference; lastKnownFileType = image.png; path = "navigationBarBackground@2x.png"; sourceTree = "<group>"; };
		516E698614FF559E0026E273 /* add.png */ = {isa = PBXFileReference; lastKnownFileType = image.png; path = add.png; sourceTree = "<group>"; };
		516E698814FF55BB0026E273 /* add@2x.png */ = {isa = PBXFileReference; lastKnownFileType = image.png; path = "add@2x.png"; sourceTree = "<group>"; };
		516E698C14FF5CF80026E273 /* map@2x.png */ = {isa = PBXFileReference; lastKnownFileType = image.png; path = "map@2x.png"; sourceTree = "<group>"; };
		516E698D14FF5CF90026E273 /* map.png */ = {isa = PBXFileReference; lastKnownFileType = image.png; path = map.png; sourceTree = "<group>"; };
		516E699014FF5D740026E273 /* list.png */ = {isa = PBXFileReference; lastKnownFileType = image.png; path = list.png; sourceTree = "<group>"; };
		516E699114FF5D740026E273 /* list@2x.png */ = {isa = PBXFileReference; lastKnownFileType = image.png; path = "list@2x.png"; sourceTree = "<group>"; };
		516E699414FF5DFE0026E273 /* marker.png */ = {isa = PBXFileReference; lastKnownFileType = image.png; path = marker.png; sourceTree = "<group>"; };
		516E699514FF5DFE0026E273 /* marker@2x.png */ = {isa = PBXFileReference; lastKnownFileType = image.png; path = "marker@2x.png"; sourceTree = "<group>"; };
		517E6E60150A71B6003B7849 /* User.h */ = {isa = PBXFileReference; fileEncoding = 4; lastKnownFileType = sourcecode.c.h; path = User.h; sourceTree = "<group>"; };
		517E6E61150A71B6003B7849 /* User.m */ = {isa = PBXFileReference; fileEncoding = 4; lastKnownFileType = sourcecode.c.objc; path = User.m; sourceTree = "<group>"; };
		517E6E66150AEE28003B7849 /* Photo.h */ = {isa = PBXFileReference; fileEncoding = 4; lastKnownFileType = sourcecode.c.h; path = Photo.h; sourceTree = "<group>"; };
		517E6E67150AEE28003B7849 /* Photo.m */ = {isa = PBXFileReference; fileEncoding = 4; lastKnownFileType = sourcecode.c.objc; path = Photo.m; sourceTree = "<group>"; };
		518259AA152BF18900A4516F /* AddressBook.framework */ = {isa = PBXFileReference; lastKnownFileType = wrapper.framework; name = AddressBook.framework; path = System/Library/Frameworks/AddressBook.framework; sourceTree = SDKROOT; };
		51A2DA6C150AF49B00A87A0E /* PSIdea.xcdatamodel */ = {isa = PBXFileReference; lastKnownFileType = wrapper.xcdatamodel; path = PSIdea.xcdatamodel; sourceTree = "<group>"; };
		51A2DA72150AFE5000A87A0E /* location@2x.png */ = {isa = PBXFileReference; lastKnownFileType = image.png; path = "location@2x.png"; sourceTree = "<group>"; };
		51A2DA73150AFE5100A87A0E /* location.png */ = {isa = PBXFileReference; lastKnownFileType = image.png; path = location.png; sourceTree = "<group>"; };
		51BF7F0A1533C79500AD1AB7 /* TwitterAPI.h */ = {isa = PBXFileReference; fileEncoding = 4; lastKnownFileType = sourcecode.c.h; path = TwitterAPI.h; sourceTree = "<group>"; };
		51BF7F0B1533C79500AD1AB7 /* TwitterAPI.m */ = {isa = PBXFileReference; fileEncoding = 4; lastKnownFileType = sourcecode.c.objc; path = TwitterAPI.m; sourceTree = "<group>"; };
		51BF7F0C1533C79500AD1AB7 /* TWRequestOperation.h */ = {isa = PBXFileReference; fileEncoding = 4; lastKnownFileType = sourcecode.c.h; path = TWRequestOperation.h; sourceTree = "<group>"; };
		51BF7F0D1533C79500AD1AB7 /* TWRequestOperation.m */ = {isa = PBXFileReference; fileEncoding = 4; lastKnownFileType = sourcecode.c.objc; path = TWRequestOperation.m; sourceTree = "<group>"; };
		51C8A1AB15237DC100671A32 /* ProfileViewController.h */ = {isa = PBXFileReference; fileEncoding = 4; lastKnownFileType = sourcecode.c.h; path = ProfileViewController.h; sourceTree = "<group>"; };
		51C8A1AC15237DC100671A32 /* ProfileViewController.m */ = {isa = PBXFileReference; fileEncoding = 4; lastKnownFileType = sourcecode.c.objc; path = ProfileViewController.m; sourceTree = "<group>"; };
		51C8A1AD15237DC100671A32 /* ProfileViewController.xib */ = {isa = PBXFileReference; fileEncoding = 4; lastKnownFileType = file.xib; path = ProfileViewController.xib; sourceTree = "<group>"; };
		51C8A1B115237E0600671A32 /* triangle_Up.png */ = {isa = PBXFileReference; lastKnownFileType = image.png; path = triangle_Up.png; sourceTree = "<group>"; };
		51EDEFFB1507216400431732 /* button_unselected@2x.png */ = {isa = PBXFileReference; lastKnownFileType = image.png; path = "button_unselected@2x.png"; sourceTree = "<group>"; };
		51EDEFFC1507216400431732 /* button_selected@2x.png */ = {isa = PBXFileReference; lastKnownFileType = image.png; path = "button_selected@2x.png"; sourceTree = "<group>"; };
		66519A68150EFDC700FA1FD0 /* HTTPSynchOperation.h */ = {isa = PBXFileReference; fileEncoding = 4; lastKnownFileType = sourcecode.c.h; path = HTTPSynchOperation.h; sourceTree = "<group>"; };
		66519A69150EFDC700FA1FD0 /* HTTPSynchOperation.m */ = {isa = PBXFileReference; fileEncoding = 4; lastKnownFileType = sourcecode.c.objc; path = HTTPSynchOperation.m; sourceTree = "<group>"; };
		66519A6C150F8A6800FA1FD0 /* HTTPSynchGetOperationWithParse.h */ = {isa = PBXFileReference; fileEncoding = 4; lastKnownFileType = sourcecode.c.h; path = HTTPSynchGetOperationWithParse.h; sourceTree = "<group>"; };
		66519A6D150F8A6800FA1FD0 /* HTTPSynchGetOperationWithParse.m */ = {isa = PBXFileReference; fileEncoding = 4; lastKnownFileType = sourcecode.c.objc; path = HTTPSynchGetOperationWithParse.m; sourceTree = "<group>"; };
		66519A6F150F901000FA1FD0 /* HTTPSynchPostOperationWithParse.h */ = {isa = PBXFileReference; fileEncoding = 4; lastKnownFileType = sourcecode.c.h; path = HTTPSynchPostOperationWithParse.h; sourceTree = "<group>"; };
		66519A70150F901100FA1FD0 /* HTTPSynchPostOperationWithParse.m */ = {isa = PBXFileReference; fileEncoding = 4; lastKnownFileType = sourcecode.c.objc; path = HTTPSynchPostOperationWithParse.m; sourceTree = "<group>"; };
		66C2B7851502AA79008B2FE1 /* TwitterController.h */ = {isa = PBXFileReference; fileEncoding = 4; lastKnownFileType = sourcecode.c.h; path = TwitterController.h; sourceTree = "<group>"; };
		66C2B7861502AA79008B2FE1 /* TwitterController.m */ = {isa = PBXFileReference; fileEncoding = 4; lastKnownFileType = sourcecode.c.objc; path = TwitterController.m; sourceTree = "<group>"; };
		66C2B7891502AB00008B2FE1 /* Twitter.framework */ = {isa = PBXFileReference; lastKnownFileType = wrapper.framework; name = Twitter.framework; path = System/Library/Frameworks/Twitter.framework; sourceTree = SDKROOT; };
		66C2B78B1502AB3C008B2FE1 /* Accounts.framework */ = {isa = PBXFileReference; lastKnownFileType = wrapper.framework; name = Accounts.framework; path = System/Library/Frameworks/Accounts.framework; sourceTree = SDKROOT; };
		66C2B78D15053E43008B2FE1 /* NetworkManager.h */ = {isa = PBXFileReference; fileEncoding = 4; lastKnownFileType = sourcecode.c.h; path = NetworkManager.h; sourceTree = "<group>"; };
		66C2B78E15053E43008B2FE1 /* NetworkManager.m */ = {isa = PBXFileReference; fileEncoding = 4; lastKnownFileType = sourcecode.c.objc; path = NetworkManager.m; sourceTree = "<group>"; };
		66C2B79115066E40008B2FE1 /* HTTPOperation.h */ = {isa = PBXFileReference; fileEncoding = 4; lastKnownFileType = sourcecode.c.h; path = HTTPOperation.h; sourceTree = "<group>"; };
		66C2B79215066E40008B2FE1 /* HTTPOperation.m */ = {isa = PBXFileReference; fileEncoding = 4; lastKnownFileType = sourcecode.c.objc; path = HTTPOperation.m; sourceTree = "<group>"; };
		66C2B7941507BA65008B2FE1 /* Logging.h */ = {isa = PBXFileReference; fileEncoding = 4; lastKnownFileType = sourcecode.c.h; path = Logging.h; sourceTree = "<group>"; };
		66C2B7951507BA65008B2FE1 /* Logging.m */ = {isa = PBXFileReference; fileEncoding = 4; lastKnownFileType = sourcecode.c.objc; path = Logging.m; sourceTree = "<group>"; };
		66C2B7971507EA87008B2FE1 /* NetworkAPI.h */ = {isa = PBXFileReference; fileEncoding = 4; lastKnownFileType = sourcecode.c.h; path = NetworkAPI.h; sourceTree = "<group>"; };
		66C2B7981507EA87008B2FE1 /* NetworkAPI.m */ = {isa = PBXFileReference; fileEncoding = 4; lastKnownFileType = sourcecode.c.objc; path = NetworkAPI.m; sourceTree = "<group>"; };
		66C2B79D150914F4008B2FE1 /* Networking.h */ = {isa = PBXFileReference; fileEncoding = 4; lastKnownFileType = sourcecode.c.h; path = Networking.h; sourceTree = "<group>"; };
		66C2B7A115091615008B2FE1 /* NSOperationWithState.h */ = {isa = PBXFileReference; fileEncoding = 4; lastKnownFileType = sourcecode.c.h; path = NSOperationWithState.h; sourceTree = "<group>"; };
		66C2B7A215091617008B2FE1 /* NSOperationWithState.m */ = {isa = PBXFileReference; fileEncoding = 4; lastKnownFileType = sourcecode.c.objc; path = NSOperationWithState.m; sourceTree = "<group>"; };
		66C2B7BC150BF254008B2FE1 /* CoreDataEntities.h */ = {isa = PBXFileReference; fileEncoding = 4; lastKnownFileType = sourcecode.c.h; path = CoreDataEntities.h; sourceTree = "<group>"; };
		66C2B7BD150BF254008B2FE1 /* CoreDataEntities.m */ = {isa = PBXFileReference; fileEncoding = 4; lastKnownFileType = sourcecode.c.objc; path = CoreDataEntities.m; sourceTree = "<group>"; };
		66C2B7BF150C0596008B2FE1 /* HTTPGetOperationWithParse.h */ = {isa = PBXFileReference; fileEncoding = 4; lastKnownFileType = sourcecode.c.h; path = HTTPGetOperationWithParse.h; sourceTree = "<group>"; };
		66C2B7C0150C0596008B2FE1 /* HTTPGetOperationWithParse.m */ = {isa = PBXFileReference; fileEncoding = 4; lastKnownFileType = sourcecode.c.objc; path = HTTPGetOperationWithParse.m; sourceTree = "<group>"; };
		66C2B7C2150D0C97008B2FE1 /* HTTPPostOperation.h */ = {isa = PBXFileReference; fileEncoding = 4; lastKnownFileType = sourcecode.c.h; path = HTTPPostOperation.h; sourceTree = "<group>"; };
		66C2B7C3150D0C98008B2FE1 /* HTTPPostOperation.m */ = {isa = PBXFileReference; fileEncoding = 4; lastKnownFileType = sourcecode.c.objc; path = HTTPPostOperation.m; sourceTree = "<group>"; };
/* End PBXFileReference section */

/* Begin PBXFrameworksBuildPhase section */
		516E67B214FF456C0026E273 /* Frameworks */ = {
			isa = PBXFrameworksBuildPhase;
			buildActionMask = 2147483647;
			files = (
				518259AB152BF18A00A4516F /* AddressBook.framework in Frameworks */,
				66C2B78C1502AB3C008B2FE1 /* Accounts.framework in Frameworks */,
				66C2B78A1502AB00008B2FE1 /* Twitter.framework in Frameworks */,
				516E697314FF47360026E273 /* MapKit.framework in Frameworks */,
				516E697114FF470A0026E273 /* CoreLocation.framework in Frameworks */,
				516E67BA14FF456C0026E273 /* UIKit.framework in Frameworks */,
				516E67BC14FF456C0026E273 /* Foundation.framework in Frameworks */,
				516E67BE14FF456C0026E273 /* CoreGraphics.framework in Frameworks */,
				516E67C014FF456C0026E273 /* CoreData.framework in Frameworks */,
			);
			runOnlyForDeploymentPostprocessing = 0;
		};
/* End PBXFrameworksBuildPhase section */

/* Begin PBXGroup section */
		516E67AA14FF456C0026E273 = {
			isa = PBXGroup;
			children = (
				516E688B14FF46260026E273 /* PSIdea */,
				516E67B814FF456C0026E273 /* Frameworks */,
				516E67B614FF456C0026E273 /* Products */,
			);
			sourceTree = "<group>";
		};
		516E67B614FF456C0026E273 /* Products */ = {
			isa = PBXGroup;
			children = (
				516E67B514FF456C0026E273 /* PSIdea.app */,
			);
			name = Products;
			sourceTree = "<group>";
		};
		516E67B814FF456C0026E273 /* Frameworks */ = {
			isa = PBXGroup;
			children = (
				66C2B78B1502AB3C008B2FE1 /* Accounts.framework */,
				518259AA152BF18900A4516F /* AddressBook.framework */,
				66C2B7891502AB00008B2FE1 /* Twitter.framework */,
				516E697214FF47360026E273 /* MapKit.framework */,
				516E697014FF470A0026E273 /* CoreLocation.framework */,
				516E67B914FF456C0026E273 /* UIKit.framework */,
				516E67BB14FF456C0026E273 /* Foundation.framework */,
				516E67BD14FF456C0026E273 /* CoreGraphics.framework */,
				516E67BF14FF456C0026E273 /* CoreData.framework */,
			);
			name = Frameworks;
			sourceTree = "<group>";
		};
		516E688B14FF46260026E273 /* PSIdea */ = {
			isa = PBXGroup;
			children = (
				516E69A414FFD5B50026E273 /* Classes */,
				516E69A114FFD53C0026E273 /* Resources */,
			);
			name = PSIdea;
			sourceTree = "<group>";
		};
		516E68DD14FF46D60026E273 /* JSON Classes */ = {
			isa = PBXGroup;
			children = (
				516E68DE14FF46D60026E273 /* NSObject+SBJson.h */,
				516E68DF14FF46D60026E273 /* NSObject+SBJson.m */,
				516E68E014FF46D60026E273 /* SBJson.h */,
				516E68E114FF46D60026E273 /* SBJsonParser.h */,
				516E68E214FF46D60026E273 /* SBJsonParser.m */,
				516E68E314FF46D60026E273 /* SBJsonStreamParser.h */,
				516E68E414FF46D60026E273 /* SBJsonStreamParser.m */,
				516E68E514FF46D60026E273 /* SBJsonStreamParserAccumulator.h */,
				516E68E614FF46D60026E273 /* SBJsonStreamParserAccumulator.m */,
				516E68E714FF46D60026E273 /* SBJsonStreamParserAdapter.h */,
				516E68E814FF46D60026E273 /* SBJsonStreamParserAdapter.m */,
				516E68E914FF46D60026E273 /* SBJsonStreamParserState.h */,
				516E68EA14FF46D60026E273 /* SBJsonStreamParserState.m */,
				516E68EB14FF46D60026E273 /* SBJsonStreamWriter.h */,
				516E68EC14FF46D60026E273 /* SBJsonStreamWriter.m */,
				516E68ED14FF46D60026E273 /* SBJsonStreamWriterAccumulator.h */,
				516E68EE14FF46D60026E273 /* SBJsonStreamWriterAccumulator.m */,
				516E68EF14FF46D60026E273 /* SBJsonStreamWriterState.h */,
				516E68F014FF46D60026E273 /* SBJsonStreamWriterState.m */,
				516E68F114FF46D60026E273 /* SBJsonTokeniser.h */,
				516E68F214FF46D60026E273 /* SBJsonTokeniser.m */,
				516E68F314FF46D60026E273 /* SBJsonUTF8Stream.h */,
				516E68F414FF46D60026E273 /* SBJsonUTF8Stream.m */,
				516E68F514FF46D60026E273 /* SBJsonWriter.h */,
				516E68F614FF46D60026E273 /* SBJsonWriter.m */,
			);
			name = "JSON Classes";
			path = PSidea/Classes;
			sourceTree = "<group>";
		};
		516E69A114FFD53C0026E273 /* Resources */ = {
			isa = PBXGroup;
			children = (
				516E69A214FFD5450026E273 /* xib */,
				516E69A314FFD5520026E273 /* Images */,
			);
			name = Resources;
			sourceTree = "<group>";
		};
		516E69A214FFD5450026E273 /* xib */ = {
			isa = PBXGroup;
			children = (
				51342E9415237A100050AE5D /* ProfileTableViewCell.xib */,
				51C8A1AD15237DC100671A32 /* ProfileViewController.xib */,
				516E68C814FF46D60026E273 /* MainWindow.xib */,
				516E68D514FF46D60026E273 /* POIMapView.xib */,
				516E690D14FF46D60026E273 /* MapOptionsViewController.xib */,
				516E691A14FF46D60026E273 /* POICreationModalViewController.xib */,
				516E691B14FF46D60026E273 /* POIDetailsView.xib */,
				516E692014FF46D60026E273 /* POILocationChooserViewController.xib */,
			);
			name = xib;
			sourceTree = "<group>";
		};
		516E69A314FFD5520026E273 /* Images */ = {
			isa = PBXGroup;
			children = (
				5139F4ED151A9B5D0009F4A2 /* mapOptionsBackground.png */,
				5139F4EA151A9B050009F4A2 /* placeholder.png */,
				51171496151A9433006B919C /* arrow_selected.png */,
				51171494151A9350006B919C /* arrow.png */,
				51C8A1B115237E0600671A32 /* triangle_Up.png */,
				51171491151A88BC006B919C /* triangle.png */,
				516E699414FF5DFE0026E273 /* marker.png */,
				516E699514FF5DFE0026E273 /* marker@2x.png */,
				516E699014FF5D740026E273 /* list.png */,
				516E699114FF5D740026E273 /* list@2x.png */,
				516E698C14FF5CF80026E273 /* map@2x.png */,
				516E698D14FF5CF90026E273 /* map.png */,
				516E698814FF55BB0026E273 /* add@2x.png */,
				516E697C14FF50840026E273 /* navigationBarBackground.png */,
				516E697D14FF50840026E273 /* navigationBarBackground@2x.png */,
				516E698614FF559E0026E273 /* add.png */,
				51A2DA72150AFE5000A87A0E /* location@2x.png */,
				51A2DA73150AFE5100A87A0E /* location.png */,
				516E697814FF4F750026E273 /* selectedButton.png */,
				5152DA9F15013AFC0069F28E /* background.png */,
				516E691114FF46D60026E273 /* normalPattern1.png */,
				516E692814FF46D60026E273 /* selectedPattern1.png */,
				51EDEFFB1507216400431732 /* button_unselected@2x.png */,
				51EDEFFC1507216400431732 /* button_selected@2x.png */,
			);
			name = Images;
			sourceTree = "<group>";
		};
		516E69A414FFD5B50026E273 /* Classes */ = {
			isa = PBXGroup;
			children = (
				516E68DA14FF46D60026E273 /* AppDelegate.h */,
				516E68DB14FF46D60026E273 /* AppDelegate.m */,
				51745EE714FFD893001A3162 /* Core Data */,
				51745EE614FFD87D001A3162 /* Protocols */,
				51745EE814FFD8FD001A3162 /* Supporting Classes */,
				516E69A514FFD5C40026E273 /* View Controllers */,
			);
			name = Classes;
			sourceTree = "<group>";
		};
		516E69A514FFD5C40026E273 /* View Controllers */ = {
			isa = PBXGroup;
			children = (
				516E68FF14FF46D60026E273 /* GridViewController.h */,
				516E690014FF46D60026E273 /* GridViewController.m */,
				516E691514FF46D60026E273 /* POIAnnotationView.h */,
				516E690B14FF46D60026E273 /* MapOptionsViewController.h */,
				516E690C14FF46D60026E273 /* MapOptionsViewController.m */,
				516E690F14FF46D60026E273 /* MWFSlideNavigationViewController.h */,
				516E691014FF46D60026E273 /* MWFSlideNavigationViewController.m */,
				516E691814FF46D60026E273 /* POICreationModalViewController.h */,
				516E691914FF46D60026E273 /* POICreationModalViewController.m */,
				516E691C14FF46D60026E273 /* POIDetailsViewController.h */,
				516E691D14FF46D60026E273 /* POIDetailsViewController.m */,
				516E691E14FF46D60026E273 /* POILocationChooserViewController.h */,
				516E691F14FF46D60026E273 /* POILocationChooserViewController.m */,
				516E692114FF46D60026E273 /* POIMapViewController.h */,
				516E692214FF46D60026E273 /* POIMapViewController.m */,
				51C8A1AB15237DC100671A32 /* ProfileViewController.h */,
				51C8A1AC15237DC100671A32 /* ProfileViewController.m */,
			);
			name = "View Controllers";
			sourceTree = "<group>";
		};
		51745EE614FFD87D001A3162 /* Protocols */ = {
			isa = PBXGroup;
			children = (
				516E692B14FF46D60026E273 /* ViewWithCoreData.h */,
			);
			name = Protocols;
			sourceTree = "<group>";
		};
		51745EE714FFD893001A3162 /* Core Data */ = {
			isa = PBXGroup;
			children = (
				51A2DA6B150AF49B00A87A0E /* PSIdea.xcdatamodeld */,
				516E455D15335BF000ED4F3C /* POI.h */,
				516E455E15335BF000ED4F3C /* POI.m */,
				517E6E66150AEE28003B7849 /* Photo.h */,
				517E6E67150AEE28003B7849 /* Photo.m */,
				517E6E60150A71B6003B7849 /* User.h */,
				517E6E61150A71B6003B7849 /* User.m */,
				516E692714FF46D60026E273 /* SampleData.plist */,
				66C2B7BC150BF254008B2FE1 /* CoreDataEntities.h */,
				66C2B7BD150BF254008B2FE1 /* CoreDataEntities.m */,
			);
			name = "Core Data";
			sourceTree = "<group>";
		};
		51745EE814FFD8FD001A3162 /* Supporting Classes */ = {
			isa = PBXGroup;
			children = (
				66159F75150FAB6900A138F6 /* Old Networking */,
				66C2B79015053E62008B2FE1 /* Networking */,
				516E68BE14FF46D60026E273 /* CoreDataCreator.h */,
				516E68BF14FF46D60026E273 /* CoreDataCreator.m */,
				516E68C014FF46D60026E273 /* CoreDataManager.h */,
				516E68C114FF46D60026E273 /* CoreDataManager.m */,
				516E68C914FF46D60026E273 /* MyCLController.h */,
				516E68CA14FF46D60026E273 /* MyCLController.m */,
				516E68CB14FF46D60026E273 /* NetworkController.h */,
				516E68CC14FF46D60026E273 /* NetworkController.m */,
				516E68CD14FF46D60026E273 /* NSManagedObject+PropertiesDict.h */,
				516E68CE14FF46D60026E273 /* NSManagedObject+PropertiesDict.m */,
				516E68CF14FF46D60026E273 /* NSObject+PropertyArray.h */,
				516E68D014FF46D60026E273 /* NSObject+PropertyArray.m */,
				516E68D314FF46D60026E273 /* POIAnnotation.h */,
				516E68D414FF46D60026E273 /* POIAnnotation.m */,
				516E68DD14FF46D60026E273 /* JSON Classes */,
				516E68F714FF46D60026E273 /* DraggableButton.h */,
				516E68F814FF46D60026E273 /* DraggableButton.m */,
				516E68F914FF46D60026E273 /* InfoPlist.strings */,
				516E68FD14FF46D60026E273 /* GridCell.h */,
				516E68FE14FF46D60026E273 /* GridCell.m */,
				516E690914FF46D60026E273 /* main.m */,
				516E691614FF46D60026E273 /* POIButton.h */,
				516E691714FF46D60026E273 /* POIButton.m */,
				516E692314FF46D60026E273 /* PSIdea-Info.plist */,
				516E692414FF46D60026E273 /* PSIdea-Prefix.pch */,
				516E692D14FF46D60026E273 /* PSINetworkController.h */,
				516E692E14FF46D60026E273 /* PSINetworkController.m */,
				66C2B7851502AA79008B2FE1 /* TwitterController.h */,
				66C2B7861502AA79008B2FE1 /* TwitterController.m */,
				51BF7F0A1533C79500AD1AB7 /* TwitterAPI.h */,
				51BF7F0B1533C79500AD1AB7 /* TwitterAPI.m */,
				51BF7F0C1533C79500AD1AB7 /* TWRequestOperation.h */,
				51BF7F0D1533C79500AD1AB7 /* TWRequestOperation.m */,
			);
			name = "Supporting Classes";
			sourceTree = "<group>";
		};
		66159F75150FAB6900A138F6 /* Old Networking */ = {
			isa = PBXGroup;
			children = (
				66C2B79115066E40008B2FE1 /* HTTPOperation.h */,
				66C2B79215066E40008B2FE1 /* HTTPOperation.m */,
				66C2B7BF150C0596008B2FE1 /* HTTPGetOperationWithParse.h */,
				66C2B7C0150C0596008B2FE1 /* HTTPGetOperationWithParse.m */,
				66C2B7C2150D0C97008B2FE1 /* HTTPPostOperation.h */,
				66C2B7C3150D0C98008B2FE1 /* HTTPPostOperation.m */,
			);
			name = "Old Networking";
			sourceTree = "<group>";
		};
		66C2B79015053E62008B2FE1 /* Networking */ = {
			isa = PBXGroup;
			children = (
				66C2B79D150914F4008B2FE1 /* Networking.h */,
				66C2B78D15053E43008B2FE1 /* NetworkManager.h */,
				66C2B78E15053E43008B2FE1 /* NetworkManager.m */,
				66C2B7941507BA65008B2FE1 /* Logging.h */,
				66C2B7951507BA65008B2FE1 /* Logging.m */,
				66C2B7971507EA87008B2FE1 /* NetworkAPI.h */,
				66C2B7981507EA87008B2FE1 /* NetworkAPI.m */,
				66C2B7A115091615008B2FE1 /* NSOperationWithState.h */,
				66C2B7A215091617008B2FE1 /* NSOperationWithState.m */,
				66519A68150EFDC700FA1FD0 /* HTTPSynchOperation.h */,
				66519A69150EFDC700FA1FD0 /* HTTPSynchOperation.m */,
				66519A6C150F8A6800FA1FD0 /* HTTPSynchGetOperationWithParse.h */,
				66519A6D150F8A6800FA1FD0 /* HTTPSynchGetOperationWithParse.m */,
				66519A6F150F901000FA1FD0 /* HTTPSynchPostOperationWithParse.h */,
				66519A70150F901100FA1FD0 /* HTTPSynchPostOperationWithParse.m */,
			);
			name = Networking;
			sourceTree = "<group>";
		};
/* End PBXGroup section */

/* Begin PBXNativeTarget section */
		516E67B414FF456C0026E273 /* PSIdea */ = {
			isa = PBXNativeTarget;
			buildConfigurationList = 516E67D214FF456C0026E273 /* Build configuration list for PBXNativeTarget "PSIdea" */;
			buildPhases = (
				516E67B114FF456C0026E273 /* Sources */,
				516E67B214FF456C0026E273 /* Frameworks */,
				516E67B314FF456C0026E273 /* Resources */,
			);
			buildRules = (
			);
			dependencies = (
			);
			name = PSIdea;
			productName = PSIdea;
			productReference = 516E67B514FF456C0026E273 /* PSIdea.app */;
			productType = "com.apple.product-type.application";
		};
/* End PBXNativeTarget section */

/* Begin PBXProject section */
		516E67AC14FF456C0026E273 /* Project object */ = {
			isa = PBXProject;
			attributes = {
				LastUpgradeCheck = 0430;
			};
			buildConfigurationList = 516E67AF14FF456C0026E273 /* Build configuration list for PBXProject "PSIdea" */;
			compatibilityVersion = "Xcode 3.2";
			developmentRegion = English;
			hasScannedForEncodings = 0;
			knownRegions = (
				en,
			);
			mainGroup = 516E67AA14FF456C0026E273;
			productRefGroup = 516E67B614FF456C0026E273 /* Products */;
			projectDirPath = "";
			projectRoot = "";
			targets = (
				516E67B414FF456C0026E273 /* PSIdea */,
			);
		};
/* End PBXProject section */

/* Begin PBXResourcesBuildPhase section */
		516E67B314FF456C0026E273 /* Resources */ = {
			isa = PBXResourcesBuildPhase;
			buildActionMask = 2147483647;
			files = (
				516E693514FF46D60026E273 /* MainWindow.xib in Resources */,
				516E693C14FF46D60026E273 /* POIMapView.xib in Resources */,
				516E694E14FF46D60026E273 /* InfoPlist.strings in Resources */,
				516E695B14FF46D60026E273 /* MapOptionsViewController.xib in Resources */,
				516E695E14FF46D60026E273 /* normalPattern1.png in Resources */,
				516E696314FF46D60026E273 /* POICreationModalViewController.xib in Resources */,
				516E696414FF46D60026E273 /* POIDetailsView.xib in Resources */,
				516E696714FF46D60026E273 /* POILocationChooserViewController.xib in Resources */,
				516E696914FF46D60026E273 /* PSIdea-Info.plist in Resources */,
				516E696B14FF46D60026E273 /* SampleData.plist in Resources */,
				516E696C14FF46D60026E273 /* selectedPattern1.png in Resources */,
				516E697914FF4F750026E273 /* selectedButton.png in Resources */,
				516E697E14FF50850026E273 /* navigationBarBackground.png in Resources */,
				516E697F14FF50850026E273 /* navigationBarBackground@2x.png in Resources */,
				516E698714FF559E0026E273 /* add.png in Resources */,
				516E698914FF55BD0026E273 /* add@2x.png in Resources */,
				516E698E14FF5CFA0026E273 /* map@2x.png in Resources */,
				516E698F14FF5CFA0026E273 /* map.png in Resources */,
				516E699214FF5D750026E273 /* list.png in Resources */,
				516E699314FF5D750026E273 /* list@2x.png in Resources */,
				516E699614FF5DFF0026E273 /* marker.png in Resources */,
				516E699714FF5DFF0026E273 /* marker@2x.png in Resources */,
				5152DAA015013AFC0069F28E /* background.png in Resources */,
				51EDEFFD1507216400431732 /* button_unselected@2x.png in Resources */,
				51EDEFFE1507216400431732 /* button_selected@2x.png in Resources */,
				51A2DA74150AFE5500A87A0E /* location@2x.png in Resources */,
				51A2DA75150AFE5500A87A0E /* location.png in Resources */,
				51171492151A88BC006B919C /* triangle.png in Resources */,
				51171495151A9350006B919C /* arrow.png in Resources */,
				51171497151A9433006B919C /* arrow_selected.png in Resources */,
				5139F4EB151A9B050009F4A2 /* placeholder.png in Resources */,
				5139F4EE151A9B600009F4A2 /* mapOptionsBackground.png in Resources */,
				51342E9515237A100050AE5D /* ProfileTableViewCell.xib in Resources */,
				51C8A1AF15237DC100671A32 /* ProfileViewController.xib in Resources */,
				51C8A1B215237E0600671A32 /* triangle_Up.png in Resources */,
			);
			runOnlyForDeploymentPostprocessing = 0;
		};
/* End PBXResourcesBuildPhase section */

/* Begin PBXSourcesBuildPhase section */
		516E67B114FF456C0026E273 /* Sources */ = {
			isa = PBXSourcesBuildPhase;
			buildActionMask = 2147483647;
			files = (
				516E692F14FF46D60026E273 /* CoreDataCreator.m in Sources */,
				516E693014FF46D60026E273 /* CoreDataManager.m in Sources */,
				516E693614FF46D60026E273 /* MyCLController.m in Sources */,
				516E693714FF46D60026E273 /* NetworkController.m in Sources */,
				516E693814FF46D60026E273 /* NSManagedObject+PropertiesDict.m in Sources */,
				516E693914FF46D60026E273 /* NSObject+PropertyArray.m in Sources */,
				516E693B14FF46D60026E273 /* POIAnnotation.m in Sources */,
				516E693F14FF46D60026E273 /* AppDelegate.m in Sources */,
				516E694114FF46D60026E273 /* NSObject+SBJson.m in Sources */,
				516E694214FF46D60026E273 /* SBJsonParser.m in Sources */,
				516E694314FF46D60026E273 /* SBJsonStreamParser.m in Sources */,
				516E694414FF46D60026E273 /* SBJsonStreamParserAccumulator.m in Sources */,
				516E694514FF46D60026E273 /* SBJsonStreamParserAdapter.m in Sources */,
				516E694614FF46D60026E273 /* SBJsonStreamParserState.m in Sources */,
				516E694714FF46D60026E273 /* SBJsonStreamWriter.m in Sources */,
				516E694814FF46D60026E273 /* SBJsonStreamWriterAccumulator.m in Sources */,
				516E694914FF46D60026E273 /* SBJsonStreamWriterState.m in Sources */,
				516E694A14FF46D60026E273 /* SBJsonTokeniser.m in Sources */,
				516E694B14FF46D60026E273 /* SBJsonUTF8Stream.m in Sources */,
				516E694C14FF46D60026E273 /* SBJsonWriter.m in Sources */,
				516E694D14FF46D60026E273 /* DraggableButton.m in Sources */,
				516E695014FF46D60026E273 /* GridCell.m in Sources */,
				516E695114FF46D60026E273 /* GridViewController.m in Sources */,
				516E695814FF46D60026E273 /* main.m in Sources */,
				516E695A14FF46D60026E273 /* MapOptionsViewController.m in Sources */,
				516E695D14FF46D60026E273 /* MWFSlideNavigationViewController.m in Sources */,
				516E696114FF46D60026E273 /* POIButton.m in Sources */,
				516E696214FF46D60026E273 /* POICreationModalViewController.m in Sources */,
				516E696514FF46D60026E273 /* POIDetailsViewController.m in Sources */,
				516E696614FF46D60026E273 /* POILocationChooserViewController.m in Sources */,
				516E696814FF46D60026E273 /* POIMapViewController.m in Sources */,
				516E696F14FF46D60026E273 /* PSINetworkController.m in Sources */,
				517E6E62150A71B6003B7849 /* User.m in Sources */,
				517E6E68150AEE28003B7849 /* Photo.m in Sources */,
				51A2DA6D150AF49B00A87A0E /* PSIdea.xcdatamodeld in Sources */,
				66C2B7871502AA79008B2FE1 /* TwitterController.m in Sources */,
				66C2B78F15053E44008B2FE1 /* NetworkManager.m in Sources */,
				66C2B79315066E40008B2FE1 /* HTTPOperation.m in Sources */,
				66C2B7961507BA65008B2FE1 /* Logging.m in Sources */,
				66C2B7991507EA87008B2FE1 /* NetworkAPI.m in Sources */,
				66C2B7A31509161B008B2FE1 /* NSOperationWithState.m in Sources */,
				66C2B7BE150BF255008B2FE1 /* CoreDataEntities.m in Sources */,
				66C2B7C1150C0597008B2FE1 /* HTTPGetOperationWithParse.m in Sources */,
				66C2B7C4150D0C9E008B2FE1 /* HTTPPostOperation.m in Sources */,
				66519A6A150EFDC800FA1FD0 /* HTTPSynchOperation.m in Sources */,
				66519A6E150F8A6900FA1FD0 /* HTTPSynchGetOperationWithParse.m in Sources */,
				66519A71150F901200FA1FD0 /* HTTPSynchPostOperationWithParse.m in Sources */,
				51C8A1AE15237DC100671A32 /* ProfileViewController.m in Sources */,
				516E455F15335BF000ED4F3C /* POI.m in Sources */,
				51BF7F0E1533C79500AD1AB7 /* TwitterAPI.m in Sources */,
				51BF7F0F1533C79500AD1AB7 /* TWRequestOperation.m in Sources */,
			);
			runOnlyForDeploymentPostprocessing = 0;
		};
/* End PBXSourcesBuildPhase section */

/* Begin PBXVariantGroup section */
		516E68F914FF46D60026E273 /* InfoPlist.strings */ = {
			isa = PBXVariantGroup;
			children = (
				516E68FA14FF46D60026E273 /* en */,
			);
			name = InfoPlist.strings;
			path = PSidea;
			sourceTree = "<group>";
		};
/* End PBXVariantGroup section */

/* Begin XCBuildConfiguration section */
		516E67D014FF456C0026E273 /* Debug */ = {
			isa = XCBuildConfiguration;
			buildSettings = {
				ALWAYS_SEARCH_USER_PATHS = NO;
				ARCHS = "$(ARCHS_STANDARD_32_BIT)";
				CLANG_ENABLE_OBJC_ARC = YES;
				"CODE_SIGN_IDENTITY[sdk=iphoneos*]" = "iPhone Developer";
				COPY_PHASE_STRIP = NO;
				GCC_C_LANGUAGE_STANDARD = gnu99;
				GCC_DYNAMIC_NO_PIC = NO;
				GCC_OPTIMIZATION_LEVEL = 0;
				GCC_PREPROCESSOR_DEFINITIONS = (
					"DEBUG=1",
					"$(inherited)",
				);
				GCC_SYMBOLS_PRIVATE_EXTERN = NO;
				GCC_VERSION = com.apple.compilers.llvm.clang.1_0;
				GCC_WARN_ABOUT_MISSING_PROTOTYPES = YES;
				GCC_WARN_ABOUT_RETURN_TYPE = YES;
				GCC_WARN_UNUSED_VARIABLE = YES;
				IPHONEOS_DEPLOYMENT_TARGET = 5.0;
				SDKROOT = iphoneos;
			};
			name = Debug;
		};
		516E67D114FF456C0026E273 /* Release */ = {
			isa = XCBuildConfiguration;
			buildSettings = {
				ALWAYS_SEARCH_USER_PATHS = NO;
				ARCHS = "$(ARCHS_STANDARD_32_BIT)";
				CLANG_ENABLE_OBJC_ARC = YES;
				"CODE_SIGN_IDENTITY[sdk=iphoneos*]" = "iPhone Developer";
				COPY_PHASE_STRIP = YES;
				GCC_C_LANGUAGE_STANDARD = gnu99;
				GCC_VERSION = com.apple.compilers.llvm.clang.1_0;
				GCC_WARN_ABOUT_MISSING_PROTOTYPES = YES;
				GCC_WARN_ABOUT_RETURN_TYPE = YES;
				GCC_WARN_UNUSED_VARIABLE = YES;
				IPHONEOS_DEPLOYMENT_TARGET = 5.0;
				OTHER_CFLAGS = "-DNS_BLOCK_ASSERTIONS=1";
				SDKROOT = iphoneos;
				VALIDATE_PRODUCT = YES;
			};
			name = Release;
		};
		516E67D314FF456C0026E273 /* Debug */ = {
			isa = XCBuildConfiguration;
			buildSettings = {
				GCC_PRECOMPILE_PREFIX_HEADER = YES;
				GCC_PREFIX_HEADER = "PSIdea/PSIdea-Prefix.pch";
				INFOPLIST_FILE = "PSIdea/PSIdea-Info.plist";
				PRODUCT_NAME = "$(TARGET_NAME)";
				WRAPPER_EXTENSION = app;
			};
			name = Debug;
		};
		516E67D414FF456C0026E273 /* Release */ = {
			isa = XCBuildConfiguration;
			buildSettings = {
				GCC_PRECOMPILE_PREFIX_HEADER = YES;
				GCC_PREFIX_HEADER = "PSIdea/PSIdea-Prefix.pch";
				INFOPLIST_FILE = "PSIdea/PSIdea-Info.plist";
				PRODUCT_NAME = "$(TARGET_NAME)";
				WRAPPER_EXTENSION = app;
			};
			name = Release;
		};
/* End XCBuildConfiguration section */

/* Begin XCConfigurationList section */
		516E67AF14FF456C0026E273 /* Build configuration list for PBXProject "PSIdea" */ = {
			isa = XCConfigurationList;
			buildConfigurations = (
				516E67D014FF456C0026E273 /* Debug */,
				516E67D114FF456C0026E273 /* Release */,
			);
			defaultConfigurationIsVisible = 0;
			defaultConfigurationName = Release;
		};
		516E67D214FF456C0026E273 /* Build configuration list for PBXNativeTarget "PSIdea" */ = {
			isa = XCConfigurationList;
			buildConfigurations = (
				516E67D314FF456C0026E273 /* Debug */,
				516E67D414FF456C0026E273 /* Release */,
			);
			defaultConfigurationIsVisible = 0;
			defaultConfigurationName = Release;
		};
/* End XCConfigurationList section */

/* Begin XCVersionGroup section */
		51A2DA6B150AF49B00A87A0E /* PSIdea.xcdatamodeld */ = {
			isa = XCVersionGroup;
			children = (
				516E455B15335B5200ED4F3C /* PSIdea_1.2.xcdatamodel */,
				51A2DA6C150AF49B00A87A0E /* PSIdea.xcdatamodel */,
			);
			currentVersion = 516E455B15335B5200ED4F3C /* PSIdea_1.2.xcdatamodel */;
			path = PSIdea.xcdatamodeld;
			sourceTree = "<group>";
			versionGroupType = wrapper.xcdatamodel;
		};
/* End XCVersionGroup section */
	};
	rootObject = 516E67AC14FF456C0026E273 /* Project object */;
}
