// !$*UTF8*$!
{
	archiveVersion = 1;
	classes = {
	};
	objectVersion = 46;
	objects = {

/* Begin PBXBuildFile section */
		5128ECB71465DEE90039E2E4 /* Event.m in Sources */ = {isa = PBXBuildFile; fileRef = 5128ECB61465DEE90039E2E4 /* Event.m */; };
		5128ECBC1465DEE90039E2E4 /* User.m in Sources */ = {isa = PBXBuildFile; fileRef = 5128ECBB1465DEE90039E2E4 /* User.m */; };
		5128ECBF1465DF220039E2E4 /* Photo.m in Sources */ = {isa = PBXBuildFile; fileRef = 5128ECBE1465DF220039E2E4 /* Photo.m */; };
		5139B73A1485E8A200744EE5 /* POI.m in Sources */ = {isa = PBXBuildFile; fileRef = 5139B7391485E8A200744EE5 /* POI.m */; };
		516D10FF1464B0D000CF95D2 /* UIKit.framework in Frameworks */ = {isa = PBXBuildFile; fileRef = 516D10FE1464B0D000CF95D2 /* UIKit.framework */; };
		516D11011464B0D000CF95D2 /* Foundation.framework in Frameworks */ = {isa = PBXBuildFile; fileRef = 516D11001464B0D000CF95D2 /* Foundation.framework */; };
		516D11031464B0D000CF95D2 /* CoreGraphics.framework in Frameworks */ = {isa = PBXBuildFile; fileRef = 516D11021464B0D000CF95D2 /* CoreGraphics.framework */; };
		516D11051464B0D000CF95D2 /* CoreData.framework in Frameworks */ = {isa = PBXBuildFile; fileRef = 516D11041464B0D000CF95D2 /* CoreData.framework */; };
		516D110B1464B0D000CF95D2 /* InfoPlist.strings in Resources */ = {isa = PBXBuildFile; fileRef = 516D11091464B0D000CF95D2 /* InfoPlist.strings */; };
		516D110D1464B0D000CF95D2 /* main.m in Sources */ = {isa = PBXBuildFile; fileRef = 516D110C1464B0D000CF95D2 /* main.m */; };
		516D11111464B0D000CF95D2 /* AppDelegate.m in Sources */ = {isa = PBXBuildFile; fileRef = 516D11101464B0D000CF95D2 /* AppDelegate.m */; };
		516D11141464B0D000CF95D2 /* PSIdea.xcdatamodeld in Sources */ = {isa = PBXBuildFile; fileRef = 516D11121464B0D000CF95D2 /* PSIdea.xcdatamodeld */; };
		516D11441464B6C400CF95D2 /* SampleData.plist in Resources */ = {isa = PBXBuildFile; fileRef = 516D11431464B6C400CF95D2 /* SampleData.plist */; };
		516D11601464C47800CF95D2 /* CoreDataCreator.m in Sources */ = {isa = PBXBuildFile; fileRef = 516D115F1464C47800CF95D2 /* CoreDataCreator.m */; };
		519ACBE21486FB2D004690C8 /* background2.png in Resources */ = {isa = PBXBuildFile; fileRef = 519ACBE11486FB2D004690C8 /* background2.png */; };
		519ACBEF14873538004690C8 /* CoreLocation.framework in Frameworks */ = {isa = PBXBuildFile; fileRef = 519ACBEE14873538004690C8 /* CoreLocation.framework */; };
		519ACBF214873571004690C8 /* MyCLController.m in Sources */ = {isa = PBXBuildFile; fileRef = 519ACBF114873571004690C8 /* MyCLController.m */; };
		51B387F914892E22008FE3C7 /* POILocationChooserViewController.m in Sources */ = {isa = PBXBuildFile; fileRef = 51B387F714892E22008FE3C7 /* POILocationChooserViewController.m */; };
		51B387FA14892E22008FE3C7 /* POILocationChooserViewController.xib in Resources */ = {isa = PBXBuildFile; fileRef = 51B387F814892E22008FE3C7 /* POILocationChooserViewController.xib */; };
		51C4716D1486B49D001BD1A4 /* POICreationModalViewController.m in Sources */ = {isa = PBXBuildFile; fileRef = 51C4716B1486B49D001BD1A4 /* POICreationModalViewController.m */; };
		51C4716E1486B49D001BD1A4 /* POICreationModalViewController.xib in Resources */ = {isa = PBXBuildFile; fileRef = 51C4716C1486B49D001BD1A4 /* POICreationModalViewController.xib */; };
		51FF9DFE1489401200830BBB /* QuartzCore.framework in Frameworks */ = {isa = PBXBuildFile; fileRef = 51FF9DFD1489401200830BBB /* QuartzCore.framework */; };
		51FF9E2A148C92F800830BBB /* MapOptionsViewController.m in Sources */ = {isa = PBXBuildFile; fileRef = 51FF9E28148C92F500830BBB /* MapOptionsViewController.m */; };
		51FF9E2B148C92F800830BBB /* MapOptionsViewController.xib in Resources */ = {isa = PBXBuildFile; fileRef = 51FF9E29148C92F700830BBB /* MapOptionsViewController.xib */; };
		51FF9E41148D3CC400830BBB /* locationArrow.png in Resources */ = {isa = PBXBuildFile; fileRef = 51FF9E3F148D3CC400830BBB /* locationArrow.png */; };
		51FF9E42148D3CC400830BBB /* locationArrow@2x.png in Resources */ = {isa = PBXBuildFile; fileRef = 51FF9E40148D3CC400830BBB /* locationArrow@2x.png */; };
		6617E408147C6B1E00F1E018 /* POITableViewController.m in Sources */ = {isa = PBXBuildFile; fileRef = 6617E406147C6B1E00F1E018 /* POITableViewController.m */; };
		6617E40C147C6CC500F1E018 /* POITableView.xib in Resources */ = {isa = PBXBuildFile; fileRef = 6617E40B147C6CC500F1E018 /* POITableView.xib */; };
		6617E410147C72C700F1E018 /* POIDetailsView.xib in Resources */ = {isa = PBXBuildFile; fileRef = 6617E40F147C72C700F1E018 /* POIDetailsView.xib */; };
		6617E413147C735600F1E018 /* POIDetailsViewController.m in Sources */ = {isa = PBXBuildFile; fileRef = 6617E412147C735600F1E018 /* POIDetailsViewController.m */; };
		6617E41D147EED9300F1E018 /* POIMapView.xib in Resources */ = {isa = PBXBuildFile; fileRef = 6617E41C147EED9300F1E018 /* POIMapView.xib */; };
		667EF944147C4544004BA5FE /* MainWindow.xib in Resources */ = {isa = PBXBuildFile; fileRef = 667EF943147C4544004BA5FE /* MainWindow.xib */; };
		66A1754D147EF0FF001A2E27 /* MapKit.framework in Frameworks */ = {isa = PBXBuildFile; fileRef = 66A1754C147EF0FF001A2E27 /* MapKit.framework */; };
		66A17550147EF5BF001A2E27 /* POIMapViewController.m in Sources */ = {isa = PBXBuildFile; fileRef = 66A1754F147EF5BF001A2E27 /* POIMapViewController.m */; };
		66A17553147F669E001A2E27 /* POIAnnotation.m in Sources */ = {isa = PBXBuildFile; fileRef = 66A17552147F669E001A2E27 /* POIAnnotation.m */; };
		66E28651148463F5009EFCF2 /* CoreDataManager.m in Sources */ = {isa = PBXBuildFile; fileRef = 66E28650148463F5009EFCF2 /* CoreDataManager.m */; };
/* End PBXBuildFile section */

/* Begin PBXFileReference section */
		5128ECB51465DEE90039E2E4 /* Event.h */ = {isa = PBXFileReference; fileEncoding = 4; lastKnownFileType = sourcecode.c.h; name = Event.h; path = PSIdea/Event.h; sourceTree = "<group>"; };
		5128ECB61465DEE90039E2E4 /* Event.m */ = {isa = PBXFileReference; fileEncoding = 4; lastKnownFileType = sourcecode.c.objc; name = Event.m; path = PSIdea/Event.m; sourceTree = "<group>"; };
		5128ECBA1465DEE90039E2E4 /* User.h */ = {isa = PBXFileReference; fileEncoding = 4; lastKnownFileType = sourcecode.c.h; name = User.h; path = PSIdea/User.h; sourceTree = "<group>"; };
		5128ECBB1465DEE90039E2E4 /* User.m */ = {isa = PBXFileReference; fileEncoding = 4; lastKnownFileType = sourcecode.c.objc; name = User.m; path = PSIdea/User.m; sourceTree = "<group>"; };
		5128ECBD1465DF220039E2E4 /* Photo.h */ = {isa = PBXFileReference; fileEncoding = 4; lastKnownFileType = sourcecode.c.h; name = Photo.h; path = PSIdea/Photo.h; sourceTree = "<group>"; };
		5128ECBE1465DF220039E2E4 /* Photo.m */ = {isa = PBXFileReference; fileEncoding = 4; lastKnownFileType = sourcecode.c.objc; name = Photo.m; path = PSIdea/Photo.m; sourceTree = "<group>"; };
		5139B7381485E8A200744EE5 /* POI.h */ = {isa = PBXFileReference; fileEncoding = 4; lastKnownFileType = sourcecode.c.h; name = POI.h; path = PSIdea/POI.h; sourceTree = "<group>"; };
		5139B7391485E8A200744EE5 /* POI.m */ = {isa = PBXFileReference; fileEncoding = 4; lastKnownFileType = sourcecode.c.objc; name = POI.m; path = PSIdea/POI.m; sourceTree = "<group>"; };
		516D10FA1464B0D000CF95D2 /* PSIdea.app */ = {isa = PBXFileReference; explicitFileType = wrapper.application; includeInIndex = 0; path = PSIdea.app; sourceTree = BUILT_PRODUCTS_DIR; };
		516D10FE1464B0D000CF95D2 /* UIKit.framework */ = {isa = PBXFileReference; lastKnownFileType = wrapper.framework; name = UIKit.framework; path = System/Library/Frameworks/UIKit.framework; sourceTree = SDKROOT; };
		516D11001464B0D000CF95D2 /* Foundation.framework */ = {isa = PBXFileReference; lastKnownFileType = wrapper.framework; name = Foundation.framework; path = System/Library/Frameworks/Foundation.framework; sourceTree = SDKROOT; };
		516D11021464B0D000CF95D2 /* CoreGraphics.framework */ = {isa = PBXFileReference; lastKnownFileType = wrapper.framework; name = CoreGraphics.framework; path = System/Library/Frameworks/CoreGraphics.framework; sourceTree = SDKROOT; };
		516D11041464B0D000CF95D2 /* CoreData.framework */ = {isa = PBXFileReference; lastKnownFileType = wrapper.framework; name = CoreData.framework; path = System/Library/Frameworks/CoreData.framework; sourceTree = SDKROOT; };
		516D11081464B0D000CF95D2 /* PSIdea-Info.plist */ = {isa = PBXFileReference; lastKnownFileType = text.plist.xml; path = "PSIdea-Info.plist"; sourceTree = "<group>"; };
		516D110A1464B0D000CF95D2 /* en */ = {isa = PBXFileReference; lastKnownFileType = text.plist.strings; name = en; path = en.lproj/InfoPlist.strings; sourceTree = "<group>"; };
		516D110C1464B0D000CF95D2 /* main.m */ = {isa = PBXFileReference; lastKnownFileType = sourcecode.c.objc; path = main.m; sourceTree = "<group>"; };
		516D110E1464B0D000CF95D2 /* PSIdea-Prefix.pch */ = {isa = PBXFileReference; lastKnownFileType = sourcecode.c.h; path = "PSIdea-Prefix.pch"; sourceTree = "<group>"; };
		516D110F1464B0D000CF95D2 /* AppDelegate.h */ = {isa = PBXFileReference; lastKnownFileType = sourcecode.c.h; name = AppDelegate.h; path = PSIdea/AppDelegate.h; sourceTree = "<group>"; };
		516D11101464B0D000CF95D2 /* AppDelegate.m */ = {isa = PBXFileReference; lastKnownFileType = sourcecode.c.objc; name = AppDelegate.m; path = PSIdea/AppDelegate.m; sourceTree = "<group>"; };
		516D11131464B0D000CF95D2 /* PSIdea.xcdatamodel */ = {isa = PBXFileReference; lastKnownFileType = wrapper.xcdatamodel; path = PSIdea.xcdatamodel; sourceTree = "<group>"; };
		516D111B1464B0D100CF95D2 /* SenTestingKit.framework */ = {isa = PBXFileReference; lastKnownFileType = wrapper.framework; name = SenTestingKit.framework; path = Library/Frameworks/SenTestingKit.framework; sourceTree = DEVELOPER_DIR; };
		516D11431464B6C400CF95D2 /* SampleData.plist */ = {isa = PBXFileReference; fileEncoding = 4; lastKnownFileType = text.plist.xml; path = SampleData.plist; sourceTree = "<group>"; };
		516D115E1464C47800CF95D2 /* CoreDataCreator.h */ = {isa = PBXFileReference; fileEncoding = 4; lastKnownFileType = sourcecode.c.h; path = CoreDataCreator.h; sourceTree = "<group>"; };
		516D115F1464C47800CF95D2 /* CoreDataCreator.m */ = {isa = PBXFileReference; fileEncoding = 4; lastKnownFileType = sourcecode.c.objc; path = CoreDataCreator.m; sourceTree = "<group>"; };
		519ACBE11486FB2D004690C8 /* background2.png */ = {isa = PBXFileReference; lastKnownFileType = image.png; path = background2.png; sourceTree = "<group>"; };
		519ACBEE14873538004690C8 /* CoreLocation.framework */ = {isa = PBXFileReference; lastKnownFileType = wrapper.framework; name = CoreLocation.framework; path = System/Library/Frameworks/CoreLocation.framework; sourceTree = SDKROOT; };
		519ACBF014873571004690C8 /* MyCLController.h */ = {isa = PBXFileReference; fileEncoding = 4; lastKnownFileType = sourcecode.c.h; path = MyCLController.h; sourceTree = "<group>"; };
		519ACBF114873571004690C8 /* MyCLController.m */ = {isa = PBXFileReference; fileEncoding = 4; lastKnownFileType = sourcecode.c.objc; path = MyCLController.m; sourceTree = "<group>"; };
		51B387F614892E22008FE3C7 /* POILocationChooserViewController.h */ = {isa = PBXFileReference; fileEncoding = 4; lastKnownFileType = sourcecode.c.h; path = POILocationChooserViewController.h; sourceTree = "<group>"; };
		51B387F714892E22008FE3C7 /* POILocationChooserViewController.m */ = {isa = PBXFileReference; fileEncoding = 4; lastKnownFileType = sourcecode.c.objc; path = POILocationChooserViewController.m; sourceTree = "<group>"; };
		51B387F814892E22008FE3C7 /* POILocationChooserViewController.xib */ = {isa = PBXFileReference; fileEncoding = 4; lastKnownFileType = file.xib; path = POILocationChooserViewController.xib; sourceTree = "<group>"; };
		51C4716A1486B49D001BD1A4 /* POICreationModalViewController.h */ = {isa = PBXFileReference; fileEncoding = 4; lastKnownFileType = sourcecode.c.h; path = POICreationModalViewController.h; sourceTree = "<group>"; };
		51C4716B1486B49D001BD1A4 /* POICreationModalViewController.m */ = {isa = PBXFileReference; fileEncoding = 4; lastKnownFileType = sourcecode.c.objc; path = POICreationModalViewController.m; sourceTree = "<group>"; };
		51C4716C1486B49D001BD1A4 /* POICreationModalViewController.xib */ = {isa = PBXFileReference; fileEncoding = 4; lastKnownFileType = file.xib; path = POICreationModalViewController.xib; sourceTree = "<group>"; };
		51FF9DFD1489401200830BBB /* QuartzCore.framework */ = {isa = PBXFileReference; lastKnownFileType = wrapper.framework; name = QuartzCore.framework; path = System/Library/Frameworks/QuartzCore.framework; sourceTree = SDKROOT; };
		51FF9E27148C92F500830BBB /* MapOptionsViewController.h */ = {isa = PBXFileReference; fileEncoding = 4; lastKnownFileType = sourcecode.c.h; path = MapOptionsViewController.h; sourceTree = "<group>"; };
		51FF9E28148C92F500830BBB /* MapOptionsViewController.m */ = {isa = PBXFileReference; fileEncoding = 4; lastKnownFileType = sourcecode.c.objc; path = MapOptionsViewController.m; sourceTree = "<group>"; };
		51FF9E29148C92F700830BBB /* MapOptionsViewController.xib */ = {isa = PBXFileReference; fileEncoding = 4; lastKnownFileType = file.xib; path = MapOptionsViewController.xib; sourceTree = "<group>"; };
		51FF9E3F148D3CC400830BBB /* locationArrow.png */ = {isa = PBXFileReference; lastKnownFileType = image.png; path = locationArrow.png; sourceTree = "<group>"; };
		51FF9E40148D3CC400830BBB /* locationArrow@2x.png */ = {isa = PBXFileReference; lastKnownFileType = image.png; path = "locationArrow@2x.png"; sourceTree = "<group>"; };
		6617E405147C6B1E00F1E018 /* POITableViewController.h */ = {isa = PBXFileReference; fileEncoding = 4; lastKnownFileType = sourcecode.c.h; name = POITableViewController.h; path = ../POITableViewController.h; sourceTree = "<group>"; };
		6617E406147C6B1E00F1E018 /* POITableViewController.m */ = {isa = PBXFileReference; fileEncoding = 4; lastKnownFileType = sourcecode.c.objc; name = POITableViewController.m; path = ../POITableViewController.m; sourceTree = "<group>"; };
		6617E40B147C6CC500F1E018 /* POITableView.xib */ = {isa = PBXFileReference; fileEncoding = 4; lastKnownFileType = file.xib; path = POITableView.xib; sourceTree = "<group>"; };
		6617E40F147C72C700F1E018 /* POIDetailsView.xib */ = {isa = PBXFileReference; fileEncoding = 4; lastKnownFileType = file.xib; path = POIDetailsView.xib; sourceTree = "<group>"; };
		6617E411147C735600F1E018 /* POIDetailsViewController.h */ = {isa = PBXFileReference; fileEncoding = 4; lastKnownFileType = sourcecode.c.h; path = POIDetailsViewController.h; sourceTree = "<group>"; };
		6617E412147C735600F1E018 /* POIDetailsViewController.m */ = {isa = PBXFileReference; fileEncoding = 4; lastKnownFileType = sourcecode.c.objc; path = POIDetailsViewController.m; sourceTree = "<group>"; };
		6617E41C147EED9300F1E018 /* POIMapView.xib */ = {isa = PBXFileReference; fileEncoding = 4; lastKnownFileType = file.xib; name = POIMapView.xib; path = ../POIMapView.xib; sourceTree = "<group>"; };
		667EF943147C4544004BA5FE /* MainWindow.xib */ = {isa = PBXFileReference; fileEncoding = 4; lastKnownFileType = file.xib; name = MainWindow.xib; path = ../MainWindow.xib; sourceTree = "<group>"; };
		66A1754C147EF0FF001A2E27 /* MapKit.framework */ = {isa = PBXFileReference; lastKnownFileType = wrapper.framework; name = MapKit.framework; path = System/Library/Frameworks/MapKit.framework; sourceTree = SDKROOT; };
		66A1754F147EF5BF001A2E27 /* POIMapViewController.m */ = {isa = PBXFileReference; fileEncoding = 4; lastKnownFileType = sourcecode.c.objc; path = POIMapViewController.m; sourceTree = "<group>"; };
		66A17551147F669E001A2E27 /* POIAnnotation.h */ = {isa = PBXFileReference; fileEncoding = 4; lastKnownFileType = sourcecode.c.h; path = POIAnnotation.h; sourceTree = "<group>"; };
		66A17552147F669E001A2E27 /* POIAnnotation.m */ = {isa = PBXFileReference; fileEncoding = 4; lastKnownFileType = sourcecode.c.objc; path = POIAnnotation.m; sourceTree = "<group>"; };
		66A17554147F7139001A2E27 /* POIMapViewController.h */ = {isa = PBXFileReference; fileEncoding = 4; lastKnownFileType = sourcecode.c.h; path = POIMapViewController.h; sourceTree = "<group>"; };
		66E2864F148463F5009EFCF2 /* CoreDataManager.h */ = {isa = PBXFileReference; fileEncoding = 4; lastKnownFileType = sourcecode.c.h; path = CoreDataManager.h; sourceTree = "<group>"; };
		66E28650148463F5009EFCF2 /* CoreDataManager.m */ = {isa = PBXFileReference; fileEncoding = 4; lastKnownFileType = sourcecode.c.objc; path = CoreDataManager.m; sourceTree = "<group>"; };
		66E2865314846746009EFCF2 /* ViewWithCoreData.h */ = {isa = PBXFileReference; fileEncoding = 4; lastKnownFileType = sourcecode.c.h; path = ViewWithCoreData.h; sourceTree = "<group>"; };
/* End PBXFileReference section */

/* Begin PBXFrameworksBuildPhase section */
		516D10F71464B0D000CF95D2 /* Frameworks */ = {
			isa = PBXFrameworksBuildPhase;
			buildActionMask = 2147483647;
			files = (
				51FF9DFE1489401200830BBB /* QuartzCore.framework in Frameworks */,
				519ACBEF14873538004690C8 /* CoreLocation.framework in Frameworks */,
				66A1754D147EF0FF001A2E27 /* MapKit.framework in Frameworks */,
				516D10FF1464B0D000CF95D2 /* UIKit.framework in Frameworks */,
				516D11011464B0D000CF95D2 /* Foundation.framework in Frameworks */,
				516D11031464B0D000CF95D2 /* CoreGraphics.framework in Frameworks */,
				516D11051464B0D000CF95D2 /* CoreData.framework in Frameworks */,
			);
			runOnlyForDeploymentPostprocessing = 0;
		};
/* End PBXFrameworksBuildPhase section */

/* Begin PBXGroup section */
		516D10EF1464B0CF00CF95D2 = {
			isa = PBXGroup;
			children = (
				516D11061464B0D000CF95D2 /* PSIdea */,
				516D10FD1464B0D000CF95D2 /* Frameworks */,
				516D10FB1464B0D000CF95D2 /* Products */,
			);
			sourceTree = "<group>";
		};
		516D10FB1464B0D000CF95D2 /* Products */ = {
			isa = PBXGroup;
			children = (
				516D10FA1464B0D000CF95D2 /* PSIdea.app */,
			);
			name = Products;
			sourceTree = "<group>";
		};
		516D10FD1464B0D000CF95D2 /* Frameworks */ = {
			isa = PBXGroup;
			children = (
				51FF9DFD1489401200830BBB /* QuartzCore.framework */,
				519ACBEE14873538004690C8 /* CoreLocation.framework */,
				66A1754C147EF0FF001A2E27 /* MapKit.framework */,
				516D10FE1464B0D000CF95D2 /* UIKit.framework */,
				516D11001464B0D000CF95D2 /* Foundation.framework */,
				516D11021464B0D000CF95D2 /* CoreGraphics.framework */,
				516D11041464B0D000CF95D2 /* CoreData.framework */,
				516D111B1464B0D100CF95D2 /* SenTestingKit.framework */,
			);
			name = Frameworks;
			sourceTree = "<group>";
		};
		516D11061464B0D000CF95D2 /* PSIdea */ = {
			isa = PBXGroup;
			children = (
				66E28652148466F9009EFCF2 /* Protocols */,
				6617E40E147C6F2F00F1E018 /* Resources */,
				6617E40A147C6B5000F1E018 /* View Controllers */,
				516D113B1464B43F00CF95D2 /* Classes */,
				516D11071464B0D000CF95D2 /* Supporting Files */,
			);
			path = PSIdea;
			sourceTree = "<group>";
		};
		516D11071464B0D000CF95D2 /* Supporting Files */ = {
			isa = PBXGroup;
			children = (
				516D11081464B0D000CF95D2 /* PSIdea-Info.plist */,
				516D11431464B6C400CF95D2 /* SampleData.plist */,
				516D11091464B0D000CF95D2 /* InfoPlist.strings */,
				516D110C1464B0D000CF95D2 /* main.m */,
				516D110E1464B0D000CF95D2 /* PSIdea-Prefix.pch */,
			);
			name = "Supporting Files";
			sourceTree = "<group>";
		};
		516D113B1464B43F00CF95D2 /* Classes */ = {
			isa = PBXGroup;
			children = (
				516D110F1464B0D000CF95D2 /* AppDelegate.h */,
				516D11101464B0D000CF95D2 /* AppDelegate.m */,
				516D11121464B0D000CF95D2 /* PSIdea.xcdatamodeld */,
				516D113C1464B44C00CF95D2 /* CoreData Classes */,
				516D115E1464C47800CF95D2 /* CoreDataCreator.h */,
				516D115F1464C47800CF95D2 /* CoreDataCreator.m */,
				519ACBF014873571004690C8 /* MyCLController.h */,
				519ACBF114873571004690C8 /* MyCLController.m */,
				66A17551147F669E001A2E27 /* POIAnnotation.h */,
				66A17552147F669E001A2E27 /* POIAnnotation.m */,
				66E2864F148463F5009EFCF2 /* CoreDataManager.h */,
				66E28650148463F5009EFCF2 /* CoreDataManager.m */,
			);
			name = Classes;
			path = ..;
			sourceTree = "<group>";
		};
		516D113C1464B44C00CF95D2 /* CoreData Classes */ = {
			isa = PBXGroup;
			children = (
				5128ECBD1465DF220039E2E4 /* Photo.h */,
				5128ECBE1465DF220039E2E4 /* Photo.m */,
				5128ECBA1465DEE90039E2E4 /* User.h */,
				5128ECBB1465DEE90039E2E4 /* User.m */,
				5128ECB51465DEE90039E2E4 /* Event.h */,
				5128ECB61465DEE90039E2E4 /* Event.m */,
				5139B7381485E8A200744EE5 /* POI.h */,
				5139B7391485E8A200744EE5 /* POI.m */,
			);
			name = "CoreData Classes";
			sourceTree = "<group>";
		};
		6617E40A147C6B5000F1E018 /* View Controllers */ = {
			isa = PBXGroup;
			children = (
				6617E405147C6B1E00F1E018 /* POITableViewController.h */,
				6617E406147C6B1E00F1E018 /* POITableViewController.m */,
				6617E411147C735600F1E018 /* POIDetailsViewController.h */,
				6617E412147C735600F1E018 /* POIDetailsViewController.m */,
				51C4716A1486B49D001BD1A4 /* POICreationModalViewController.h */,
				51C4716B1486B49D001BD1A4 /* POICreationModalViewController.m */,
				51B387F614892E22008FE3C7 /* POILocationChooserViewController.h */,
				51B387F714892E22008FE3C7 /* POILocationChooserViewController.m */,
				66A17554147F7139001A2E27 /* POIMapViewController.h */,
				66A1754F147EF5BF001A2E27 /* POIMapViewController.m */,
				51FF9E27148C92F500830BBB /* MapOptionsViewController.h */,
				51FF9E28148C92F500830BBB /* MapOptionsViewController.m */,
			);
			name = "View Controllers";
			sourceTree = "<group>";
		};
		6617E40E147C6F2F00F1E018 /* Resources */ = {
			isa = PBXGroup;
			children = (
				667EF943147C4544004BA5FE /* MainWindow.xib */,
				6617E41C147EED9300F1E018 /* POIMapView.xib */,
				6617E40B147C6CC500F1E018 /* POITableView.xib */,
				6617E40F147C72C700F1E018 /* POIDetailsView.xib */,
				51C4716C1486B49D001BD1A4 /* POICreationModalViewController.xib */,
				51B387F814892E22008FE3C7 /* POILocationChooserViewController.xib */,
				51FF9E29148C92F700830BBB /* MapOptionsViewController.xib */,
				51FF9E3F148D3CC400830BBB /* locationArrow.png */,
				51FF9E40148D3CC400830BBB /* locationArrow@2x.png */,
				519ACBE11486FB2D004690C8 /* background2.png */,
			);
			name = Resources;
			sourceTree = "<group>";
		};
		66E28652148466F9009EFCF2 /* Protocols */ = {
			isa = PBXGroup;
			children = (
				66E2865314846746009EFCF2 /* ViewWithCoreData.h */,
			);
			name = Protocols;
			sourceTree = "<group>";
		};
/* End PBXGroup section */

/* Begin PBXNativeTarget section */
		516D10F91464B0D000CF95D2 /* PSIdea */ = {
			isa = PBXNativeTarget;
			buildConfigurationList = 516D112D1464B0D100CF95D2 /* Build configuration list for PBXNativeTarget "PSIdea" */;
			buildPhases = (
				516D10F61464B0D000CF95D2 /* Sources */,
				516D10F71464B0D000CF95D2 /* Frameworks */,
				516D10F81464B0D000CF95D2 /* Resources */,
			);
			buildRules = (
			);
			dependencies = (
			);
			name = PSIdea;
			productName = PSIdea;
			productReference = 516D10FA1464B0D000CF95D2 /* PSIdea.app */;
			productType = "com.apple.product-type.application";
		};
/* End PBXNativeTarget section */

/* Begin PBXProject section */
		516D10F11464B0CF00CF95D2 /* Project object */ = {
			isa = PBXProject;
			attributes = {
				LastUpgradeCheck = 0430;
			};
			buildConfigurationList = 516D10F41464B0CF00CF95D2 /* Build configuration list for PBXProject "PSIdea" */;
			compatibilityVersion = "Xcode 3.2";
			developmentRegion = English;
			hasScannedForEncodings = 0;
			knownRegions = (
				en,
			);
			mainGroup = 516D10EF1464B0CF00CF95D2;
			productRefGroup = 516D10FB1464B0D000CF95D2 /* Products */;
			projectDirPath = "";
			projectRoot = "";
			targets = (
				516D10F91464B0D000CF95D2 /* PSIdea */,
			);
		};
/* End PBXProject section */

/* Begin PBXResourcesBuildPhase section */
		516D10F81464B0D000CF95D2 /* Resources */ = {
			isa = PBXResourcesBuildPhase;
			buildActionMask = 2147483647;
			files = (
				516D110B1464B0D000CF95D2 /* InfoPlist.strings in Resources */,
				516D11441464B6C400CF95D2 /* SampleData.plist in Resources */,
				667EF944147C4544004BA5FE /* MainWindow.xib in Resources */,
				6617E40C147C6CC500F1E018 /* POITableView.xib in Resources */,
				6617E410147C72C700F1E018 /* POIDetailsView.xib in Resources */,
				6617E41D147EED9300F1E018 /* POIMapView.xib in Resources */,
				51C4716E1486B49D001BD1A4 /* POICreationModalViewController.xib in Resources */,
				519ACBE21486FB2D004690C8 /* background2.png in Resources */,
				51B387FA14892E22008FE3C7 /* POILocationChooserViewController.xib in Resources */,
				51FF9E2B148C92F800830BBB /* MapOptionsViewController.xib in Resources */,
				51FF9E41148D3CC400830BBB /* locationArrow.png in Resources */,
				51FF9E42148D3CC400830BBB /* locationArrow@2x.png in Resources */,
			);
			runOnlyForDeploymentPostprocessing = 0;
		};
/* End PBXResourcesBuildPhase section */

/* Begin PBXSourcesBuildPhase section */
		516D10F61464B0D000CF95D2 /* Sources */ = {
			isa = PBXSourcesBuildPhase;
			buildActionMask = 2147483647;
			files = (
				516D110D1464B0D000CF95D2 /* main.m in Sources */,
				516D11111464B0D000CF95D2 /* AppDelegate.m in Sources */,
				516D11141464B0D000CF95D2 /* PSIdea.xcdatamodeld in Sources */,
				516D11601464C47800CF95D2 /* CoreDataCreator.m in Sources */,
				5128ECB71465DEE90039E2E4 /* Event.m in Sources */,
				5128ECBC1465DEE90039E2E4 /* User.m in Sources */,
				5128ECBF1465DF220039E2E4 /* Photo.m in Sources */,
				6617E408147C6B1E00F1E018 /* POITableViewController.m in Sources */,
				6617E413147C735600F1E018 /* POIDetailsViewController.m in Sources */,
				66A17550147EF5BF001A2E27 /* POIMapViewController.m in Sources */,
				66A17553147F669E001A2E27 /* POIAnnotation.m in Sources */,
				66E28651148463F5009EFCF2 /* CoreDataManager.m in Sources */,
				5139B73A1485E8A200744EE5 /* POI.m in Sources */,
				51C4716D1486B49D001BD1A4 /* POICreationModalViewController.m in Sources */,
				519ACBF214873571004690C8 /* MyCLController.m in Sources */,
				51B387F914892E22008FE3C7 /* POILocationChooserViewController.m in Sources */,
				51FF9E2A148C92F800830BBB /* MapOptionsViewController.m in Sources */,
			);
			runOnlyForDeploymentPostprocessing = 0;
		};
/* End PBXSourcesBuildPhase section */

/* Begin PBXVariantGroup section */
		516D11091464B0D000CF95D2 /* InfoPlist.strings */ = {
			isa = PBXVariantGroup;
			children = (
				516D110A1464B0D000CF95D2 /* en */,
			);
			name = InfoPlist.strings;
			sourceTree = "<group>";
		};
/* End PBXVariantGroup section */

/* Begin XCBuildConfiguration section */
		516D112B1464B0D100CF95D2 /* Debug */ = {
			isa = XCBuildConfiguration;
			buildSettings = {
				ALWAYS_SEARCH_USER_PATHS = NO;
				ARCHS = "$(ARCHS_STANDARD_32_BIT)";
				CLANG_ENABLE_OBJC_ARC = YES;
				"CODE_SIGN_IDENTITY[sdk=iphoneos*]" = "iPhone Developer";
				COPY_PHASE_STRIP = NO;
				GCC_C_LANGUAGE_STANDARD = gnu99;
				GCC_DYNAMIC_NO_PIC = NO;
				GCC_OPTIMIZATION_LEVEL = 0;
				GCC_PREPROCESSOR_DEFINITIONS = (
					"DEBUG=1",
					"$(inherited)",
				);
				GCC_SYMBOLS_PRIVATE_EXTERN = NO;
				GCC_VERSION = com.apple.compilers.llvm.clang.1_0;
				GCC_WARN_ABOUT_MISSING_PROTOTYPES = YES;
				GCC_WARN_ABOUT_RETURN_TYPE = YES;
				GCC_WARN_UNUSED_VARIABLE = YES;
				IPHONEOS_DEPLOYMENT_TARGET = 5.0;
				SDKROOT = iphoneos5.0;
			};
			name = Debug;
		};
		516D112C1464B0D100CF95D2 /* Release */ = {
			isa = XCBuildConfiguration;
			buildSettings = {
				ALWAYS_SEARCH_USER_PATHS = NO;
				ARCHS = "$(ARCHS_STANDARD_32_BIT)";
				CLANG_ENABLE_OBJC_ARC = YES;
				"CODE_SIGN_IDENTITY[sdk=iphoneos*]" = "iPhone Developer";
				COPY_PHASE_STRIP = YES;
				GCC_C_LANGUAGE_STANDARD = gnu99;
				GCC_VERSION = com.apple.compilers.llvm.clang.1_0;
				GCC_WARN_ABOUT_MISSING_PROTOTYPES = YES;
				GCC_WARN_ABOUT_RETURN_TYPE = YES;
				GCC_WARN_UNUSED_VARIABLE = YES;
				IPHONEOS_DEPLOYMENT_TARGET = 5.0;
				OTHER_CFLAGS = "-DNS_BLOCK_ASSERTIONS=1";
				SDKROOT = iphoneos5.0;
				VALIDATE_PRODUCT = YES;
			};
			name = Release;
		};
		516D112E1464B0D100CF95D2 /* Debug */ = {
			isa = XCBuildConfiguration;
			buildSettings = {
				GCC_PRECOMPILE_PREFIX_HEADER = YES;
				GCC_PREFIX_HEADER = "PSIdea/PSIdea-Prefix.pch";
				INFOPLIST_FILE = "PSIdea/PSIdea-Info.plist";
				PRODUCT_NAME = "$(TARGET_NAME)";
				TARGETED_DEVICE_FAMILY = 1;
				WRAPPER_EXTENSION = app;
			};
			name = Debug;
		};
		516D112F1464B0D100CF95D2 /* Release */ = {
			isa = XCBuildConfiguration;
			buildSettings = {
				GCC_PRECOMPILE_PREFIX_HEADER = YES;
				GCC_PREFIX_HEADER = "PSIdea/PSIdea-Prefix.pch";
				INFOPLIST_FILE = "PSIdea/PSIdea-Info.plist";
				PRODUCT_NAME = "$(TARGET_NAME)";
				TARGETED_DEVICE_FAMILY = 1;
				WRAPPER_EXTENSION = app;
			};
			name = Release;
		};
/* End XCBuildConfiguration section */

/* Begin XCConfigurationList section */
		516D10F41464B0CF00CF95D2 /* Build configuration list for PBXProject "PSIdea" */ = {
			isa = XCConfigurationList;
			buildConfigurations = (
				516D112B1464B0D100CF95D2 /* Debug */,
				516D112C1464B0D100CF95D2 /* Release */,
			);
			defaultConfigurationIsVisible = 0;
			defaultConfigurationName = Release;
		};
		516D112D1464B0D100CF95D2 /* Build configuration list for PBXNativeTarget "PSIdea" */ = {
			isa = XCConfigurationList;
			buildConfigurations = (
				516D112E1464B0D100CF95D2 /* Debug */,
				516D112F1464B0D100CF95D2 /* Release */,
			);
			defaultConfigurationIsVisible = 0;
			defaultConfigurationName = Release;
		};
/* End XCConfigurationList section */

/* Begin XCVersionGroup section */
		516D11121464B0D000CF95D2 /* PSIdea.xcdatamodeld */ = {
			isa = XCVersionGroup;
			children = (
				516D11131464B0D000CF95D2 /* PSIdea.xcdatamodel */,
			);
			currentVersion = 516D11131464B0D000CF95D2 /* PSIdea.xcdatamodel */;
			name = PSIdea.xcdatamodeld;
			path = PSIdea/PSIdea.xcdatamodeld;
			sourceTree = "<group>";
			versionGroupType = wrapper.xcdatamodel;
		};
/* End XCVersionGroup section */
	};
	rootObject = 516D10F11464B0CF00CF95D2 /* Project object */;
}
